// !$*UTF8*$!
{
	archiveVersion = 1;
	classes = {
	};
	objectVersion = 77;
	objects = {

/* Begin PBXBuildFile section */
		02BD03125AEA567B23286D53 /* PulsefieldCore.framework in Frameworks */ = {isa = PBXBuildFile; fileRef = A387EEA1983387E2E36565AD /* PulsefieldCore.framework */; };
		0FF3A89698A64FC665C1EA12 /* RecognitionArchitecture.swift in Sources */ = {isa = PBXBuildFile; fileRef = CEA92F2BB55484B411AD9D77 /* RecognitionArchitecture.swift */; };
		1787F44AD3393A1EA967905E /* Mania4KPlaySessionModel.swift in Sources */ = {isa = PBXBuildFile; fileRef = 65931740476AF6B6432DB7FF /* Mania4KPlaySessionModel.swift */; };
		24B5A948743695A047C0AEDE /* PulsefieldMacApp.swift in Sources */ = {isa = PBXBuildFile; fileRef = 571E459554DDE450E8EE1726 /* PulsefieldMacApp.swift */; };
		2AD790A5ACB1EFFDA192D181 /* CascadingRecognitionServiceTests.swift in Sources */ = {isa = PBXBuildFile; fileRef = A9C0AFD64ABA7C7C86048235 /* CascadingRecognitionServiceTests.swift */; };
		2B05FC1CF3FF0DC5F76D63D0 /* UnavailableRecognitionProviderClient.swift in Sources */ = {isa = PBXBuildFile; fileRef = 9AD875058E105B569F3F3F40 /* UnavailableRecognitionProviderClient.swift */; };
		2D87A22F4C2FF0724BAB02C4 /* PulsefieldCore.framework in Frameworks */ = {isa = PBXBuildFile; fileRef = A387EEA1983387E2E36565AD /* PulsefieldCore.framework */; };
		30C064BBD9B8963AABD53194 /* RecognitionDashboardView.swift in Sources */ = {isa = PBXBuildFile; fileRef = 6CA7A26E40728ECEA439A0AA /* RecognitionDashboardView.swift */; };
		45A98DB9677287374091F460 /* RecognitionAppModelTests.swift in Sources */ = {isa = PBXBuildFile; fileRef = 4A37495C7C03786C6C70AF14 /* RecognitionAppModelTests.swift */; };
		48A3D8B5531B9260CBA06768 /* PulsefieldCore.framework in Embed Frameworks */ = {isa = PBXBuildFile; fileRef = A387EEA1983387E2E36565AD /* PulsefieldCore.framework */; settings = {ATTRIBUTES = (CodeSignOnCopy, RemoveHeadersOnCopy, ); }; };
		49BD393871163EE821A80748 /* BeatmapGenerationService.swift in Sources */ = {isa = PBXBuildFile; fileRef = 728B90249B2A0A72FCD3580B /* BeatmapGenerationService.swift */; };
		4A4458CD96C392CF5341E8AE /* PulsefieldCore.framework in Frameworks */ = {isa = PBXBuildFile; fileRef = A387EEA1983387E2E36565AD /* PulsefieldCore.framework */; };
		4B59F19EC0E3380CE1A99D4E /* UnavailableLiveRecognitionService.swift in Sources */ = {isa = PBXBuildFile; fileRef = C01A60D735C381292553A5F8 /* UnavailableLiveRecognitionService.swift */; };
		5C3FAFADD702D6CFFE48A72B /* Mania4KPlaySessionModelTests.swift in Sources */ = {isa = PBXBuildFile; fileRef = 9BAF8E8D435CA620D624CE54 /* Mania4KPlaySessionModelTests.swift */; };
		6429F19A1E91047DA472D6B7 /* PulsefieldCore.framework in Embed Frameworks */ = {isa = PBXBuildFile; fileRef = A387EEA1983387E2E36565AD /* PulsefieldCore.framework */; settings = {ATTRIBUTES = (CodeSignOnCopy, RemoveHeadersOnCopy, ); }; };
		64860B379E78038EE6CF9426 /* PulsefieldCore.framework in Embed Frameworks */ = {isa = PBXBuildFile; fileRef = A387EEA1983387E2E36565AD /* PulsefieldCore.framework */; settings = {ATTRIBUTES = (CodeSignOnCopy, RemoveHeadersOnCopy, ); }; };
		7752F7EAFF1D57B9A8657190 /* RecognitionServiceProtocol.swift in Sources */ = {isa = PBXBuildFile; fileRef = E522B477DC378F5CF8AB9C4C /* RecognitionServiceProtocol.swift */; };
		79A78B41EC226018D2E55F11 /* RecognitionDomain.swift in Sources */ = {isa = PBXBuildFile; fileRef = AE86054D09DCC083F246CB0C /* RecognitionDomain.swift */; };
		8E3BC3B5DBE5DEB535E3D5D7 /* PulsefieldUI.framework in Embed Frameworks */ = {isa = PBXBuildFile; fileRef = A9C81D865B64C6D256B24F2B /* PulsefieldUI.framework */; settings = {ATTRIBUTES = (CodeSignOnCopy, RemoveHeadersOnCopy, ); }; };
		92E245E5EFD540B91AC38971 /* CascadingRecognitionService.swift in Sources */ = {isa = PBXBuildFile; fileRef = ED4A20CA439FE4F3513DB1A2 /* CascadingRecognitionService.swift */; };
		9970F5618E7AF56EB7CF104F /* PulsefieldUI.framework in Frameworks */ = {isa = PBXBuildFile; fileRef = A9C81D865B64C6D256B24F2B /* PulsefieldUI.framework */; };
		9D8A7FC07558045972D8C6C1 /* MockRecognitionService.swift in Sources */ = {isa = PBXBuildFile; fileRef = D6AE855CD84CDFD620DA302F /* MockRecognitionService.swift */; };
		9E618892E41288E421193A60 /* PulsefieldCore.framework in Frameworks */ = {isa = PBXBuildFile; fileRef = A387EEA1983387E2E36565AD /* PulsefieldCore.framework */; };
		A4C0C039BABC46277245ABBF /* PulsefieldiOSApp.swift in Sources */ = {isa = PBXBuildFile; fileRef = BEFC56F5F1D0A58C6ED5BD3A /* PulsefieldiOSApp.swift */; };
		BB04DF61AB24DA410A01CDE5 /* Mania4KDomain.swift in Sources */ = {isa = PBXBuildFile; fileRef = 45ECE8CA145AF5FCACE46022 /* Mania4KDomain.swift */; };
		C2DC4CA9490680BF832B1AA0 /* PulsefieldUI.framework in Frameworks */ = {isa = PBXBuildFile; fileRef = A9C81D865B64C6D256B24F2B /* PulsefieldUI.framework */; };
		D341F844440FAB984B185C59 /* PulsefieldUI.framework in Embed Frameworks */ = {isa = PBXBuildFile; fileRef = A9C81D865B64C6D256B24F2B /* PulsefieldUI.framework */; settings = {ATTRIBUTES = (CodeSignOnCopy, RemoveHeadersOnCopy, ); }; };
		D3A932DF8385FDF6983710EB /* RecognitionAppModel.swift in Sources */ = {isa = PBXBuildFile; fileRef = 5ECCDB69F561441CFB7369B2 /* RecognitionAppModel.swift */; };
		D46F277B68C8F973A3FE9529 /* AVFoundation.framework in Frameworks */ = {isa = PBXBuildFile; fileRef = 56EB7BD2459DEAB60737DD1E /* AVFoundation.framework */; };
		DB02F5130C3C9A526C48CED9 /* PreviewFixtures.swift in Sources */ = {isa = PBXBuildFile; fileRef = 78ACE1CB799708B529D40F93 /* PreviewFixtures.swift */; };
		E2A8570789AC186771AAE508 /* BeatmapDomain.swift in Sources */ = {isa = PBXBuildFile; fileRef = 40490916DA33124F9DB0B512 /* BeatmapDomain.swift */; };
		FC9C0773A8A231E694B89EB7 /* Mania4KPlayExperienceView.swift in Sources */ = {isa = PBXBuildFile; fileRef = 0B7F34B30233C62EE4CA2746 /* Mania4KPlayExperienceView.swift */; };
		FCC100D6A0B140451439956B /* MicrophonePermissionService.swift in Sources */ = {isa = PBXBuildFile; fileRef = F45F8208B52EF6BC2629EBDD /* MicrophonePermissionService.swift */; };
/* End PBXBuildFile section */

/* Begin PBXContainerItemProxy section */
		157FBE54CD8A7AE99BF7070E /* PBXContainerItemProxy */ = {
			isa = PBXContainerItemProxy;
			containerPortal = F9B722C391474AD55EB39B2E /* Project object */;
			proxyType = 1;
			remoteGlobalIDString = 400FC4CCC71B995495E6FB73;
			remoteInfo = PulsefieldUI;
		};
		4A03822B90A54EA2184732F4 /* PBXContainerItemProxy */ = {
			isa = PBXContainerItemProxy;
			containerPortal = F9B722C391474AD55EB39B2E /* Project object */;
			proxyType = 1;
			remoteGlobalIDString = ED46F20630734EA83BA6607D;
			remoteInfo = PulsefieldCore;
		};
		A1A4977885FF8B284B98102F /* PBXContainerItemProxy */ = {
			isa = PBXContainerItemProxy;
			containerPortal = F9B722C391474AD55EB39B2E /* Project object */;
			proxyType = 1;
			remoteGlobalIDString = ED46F20630734EA83BA6607D;
			remoteInfo = PulsefieldCore;
		};
		AC8AFEBB7BC3C8C54125ED77 /* PBXContainerItemProxy */ = {
			isa = PBXContainerItemProxy;
			containerPortal = F9B722C391474AD55EB39B2E /* Project object */;
			proxyType = 1;
			remoteGlobalIDString = 400FC4CCC71B995495E6FB73;
			remoteInfo = PulsefieldUI;
		};
		E6FDF5B13B0789665F57AB94 /* PBXContainerItemProxy */ = {
			isa = PBXContainerItemProxy;
			containerPortal = F9B722C391474AD55EB39B2E /* Project object */;
			proxyType = 1;
			remoteGlobalIDString = ED46F20630734EA83BA6607D;
			remoteInfo = PulsefieldCore;
		};
		FEC0FDA9899E5555E752C80B /* PBXContainerItemProxy */ = {
			isa = PBXContainerItemProxy;
			containerPortal = F9B722C391474AD55EB39B2E /* Project object */;
			proxyType = 1;
			remoteGlobalIDString = ED46F20630734EA83BA6607D;
			remoteInfo = PulsefieldCore;
		};
/* End PBXContainerItemProxy section */

/* Begin PBXCopyFilesBuildPhase section */
		2E837931135F327BBAD0F0F2 /* Embed Frameworks */ = {
			isa = PBXCopyFilesBuildPhase;
			buildActionMask = 2147483647;
			dstPath = "";
			dstSubfolderSpec = 10;
			files = (
				48A3D8B5531B9260CBA06768 /* PulsefieldCore.framework in Embed Frameworks */,
			);
			name = "Embed Frameworks";
			runOnlyForDeploymentPostprocessing = 0;
		};
		A69BD475FCA2C223E6B86398 /* Embed Frameworks */ = {
			isa = PBXCopyFilesBuildPhase;
			buildActionMask = 2147483647;
			dstPath = "";
			dstSubfolderSpec = 10;
			files = (
				6429F19A1E91047DA472D6B7 /* PulsefieldCore.framework in Embed Frameworks */,
				8E3BC3B5DBE5DEB535E3D5D7 /* PulsefieldUI.framework in Embed Frameworks */,
			);
			name = "Embed Frameworks";
			runOnlyForDeploymentPostprocessing = 0;
		};
		C3D2CEDFDD467B19C8A3147D /* Embed Frameworks */ = {
			isa = PBXCopyFilesBuildPhase;
			buildActionMask = 2147483647;
			dstPath = "";
			dstSubfolderSpec = 10;
			files = (
				64860B379E78038EE6CF9426 /* PulsefieldCore.framework in Embed Frameworks */,
				D341F844440FAB984B185C59 /* PulsefieldUI.framework in Embed Frameworks */,
			);
			name = "Embed Frameworks";
			runOnlyForDeploymentPostprocessing = 0;
		};
/* End PBXCopyFilesBuildPhase section */

/* Begin PBXFileReference section */
		0B7F34B30233C62EE4CA2746 /* Mania4KPlayExperienceView.swift */ = {isa = PBXFileReference; lastKnownFileType = sourcecode.swift; path = Mania4KPlayExperienceView.swift; sourceTree = "<group>"; };
		13621072D594A7CD021F2B13 /* README.md */ = {isa = PBXFileReference; lastKnownFileType = net.daringfireball.markdown; path = README.md; sourceTree = "<group>"; };
		1566D4A2453B11FD004842DC /* mania-4k-play-experience-design.md */ = {isa = PBXFileReference; lastKnownFileType = net.daringfireball.markdown; path = "mania-4k-play-experience-design.md"; sourceTree = "<group>"; };
		17DCB31FB4118757EAD79704 /* PulsefieldCoreTests.xctest */ = {isa = PBXFileReference; includeInIndex = 0; lastKnownFileType = wrapper.cfbundle; path = PulsefieldCoreTests.xctest; sourceTree = BUILT_PRODUCTS_DIR; };
		1ED00D85508FC1CAA511109B /* LICENSE */ = {isa = PBXFileReference; path = LICENSE; sourceTree = "<group>"; };
		279883F0FED22764769D789B /* swiftui-guidelines.md */ = {isa = PBXFileReference; lastKnownFileType = net.daringfireball.markdown; path = "swiftui-guidelines.md"; sourceTree = "<group>"; };
		29B6C98909AAEFF35D9B16F1 /* recognition-architecture.md */ = {isa = PBXFileReference; lastKnownFileType = net.daringfireball.markdown; path = "recognition-architecture.md"; sourceTree = "<group>"; };
		333E4D546E88B031812D5CE9 /* mania-4k-ui-scene-research-plan.md */ = {isa = PBXFileReference; lastKnownFileType = net.daringfireball.markdown; path = "mania-4k-ui-scene-research-plan.md"; sourceTree = "<group>"; };
		40490916DA33124F9DB0B512 /* BeatmapDomain.swift */ = {isa = PBXFileReference; lastKnownFileType = sourcecode.swift; path = BeatmapDomain.swift; sourceTree = "<group>"; };
		45ECE8CA145AF5FCACE46022 /* Mania4KDomain.swift */ = {isa = PBXFileReference; lastKnownFileType = sourcecode.swift; path = Mania4KDomain.swift; sourceTree = "<group>"; };
		4A37495C7C03786C6C70AF14 /* RecognitionAppModelTests.swift */ = {isa = PBXFileReference; lastKnownFileType = sourcecode.swift; path = RecognitionAppModelTests.swift; sourceTree = "<group>"; };
		56EB7BD2459DEAB60737DD1E /* AVFoundation.framework */ = {isa = PBXFileReference; lastKnownFileType = wrapper.framework; name = AVFoundation.framework; path = System/Library/Frameworks/AVFoundation.framework; sourceTree = SDKROOT; };
		571E459554DDE450E8EE1726 /* PulsefieldMacApp.swift */ = {isa = PBXFileReference; lastKnownFileType = sourcecode.swift; path = PulsefieldMacApp.swift; sourceTree = "<group>"; };
		5ECCDB69F561441CFB7369B2 /* RecognitionAppModel.swift */ = {isa = PBXFileReference; lastKnownFileType = sourcecode.swift; path = RecognitionAppModel.swift; sourceTree = "<group>"; };
		6549DBD3F9F54465CDB658A5 /* AGENTS.md */ = {isa = PBXFileReference; lastKnownFileType = net.daringfireball.markdown; path = AGENTS.md; sourceTree = "<group>"; };
		65931740476AF6B6432DB7FF /* Mania4KPlaySessionModel.swift */ = {isa = PBXFileReference; lastKnownFileType = sourcecode.swift; path = Mania4KPlaySessionModel.swift; sourceTree = "<group>"; };
		6A5DC9D386B2ECD255849946 /* PulsefieldiOS.app */ = {isa = PBXFileReference; includeInIndex = 0; lastKnownFileType = wrapper.application; path = PulsefieldiOS.app; sourceTree = BUILT_PRODUCTS_DIR; };
		6CA7A26E40728ECEA439A0AA /* RecognitionDashboardView.swift */ = {isa = PBXFileReference; lastKnownFileType = sourcecode.swift; path = RecognitionDashboardView.swift; sourceTree = "<group>"; };
		728B90249B2A0A72FCD3580B /* BeatmapGenerationService.swift */ = {isa = PBXFileReference; lastKnownFileType = sourcecode.swift; path = BeatmapGenerationService.swift; sourceTree = "<group>"; };
		78ACE1CB799708B529D40F93 /* PreviewFixtures.swift */ = {isa = PBXFileReference; lastKnownFileType = sourcecode.swift; path = PreviewFixtures.swift; sourceTree = "<group>"; };
		9AD875058E105B569F3F3F40 /* UnavailableRecognitionProviderClient.swift */ = {isa = PBXFileReference; lastKnownFileType = sourcecode.swift; path = UnavailableRecognitionProviderClient.swift; sourceTree = "<group>"; };
		9BAF8E8D435CA620D624CE54 /* Mania4KPlaySessionModelTests.swift */ = {isa = PBXFileReference; lastKnownFileType = sourcecode.swift; path = Mania4KPlaySessionModelTests.swift; sourceTree = "<group>"; };
		A387EEA1983387E2E36565AD /* PulsefieldCore.framework */ = {isa = PBXFileReference; explicitFileType = wrapper.framework; includeInIndex = 0; path = PulsefieldCore.framework; sourceTree = BUILT_PRODUCTS_DIR; };
		A9C0AFD64ABA7C7C86048235 /* CascadingRecognitionServiceTests.swift */ = {isa = PBXFileReference; lastKnownFileType = sourcecode.swift; path = CascadingRecognitionServiceTests.swift; sourceTree = "<group>"; };
		A9C81D865B64C6D256B24F2B /* PulsefieldUI.framework */ = {isa = PBXFileReference; explicitFileType = wrapper.framework; includeInIndex = 0; path = PulsefieldUI.framework; sourceTree = BUILT_PRODUCTS_DIR; };
		AE86054D09DCC083F246CB0C /* RecognitionDomain.swift */ = {isa = PBXFileReference; lastKnownFileType = sourcecode.swift; path = RecognitionDomain.swift; sourceTree = "<group>"; };
		BEFC56F5F1D0A58C6ED5BD3A /* PulsefieldiOSApp.swift */ = {isa = PBXFileReference; lastKnownFileType = sourcecode.swift; path = PulsefieldiOSApp.swift; sourceTree = "<group>"; };
		C01A60D735C381292553A5F8 /* UnavailableLiveRecognitionService.swift */ = {isa = PBXFileReference; lastKnownFileType = sourcecode.swift; path = UnavailableLiveRecognitionService.swift; sourceTree = "<group>"; };
		CEA92F2BB55484B411AD9D77 /* RecognitionArchitecture.swift */ = {isa = PBXFileReference; lastKnownFileType = sourcecode.swift; path = RecognitionArchitecture.swift; sourceTree = "<group>"; };
		D6AE855CD84CDFD620DA302F /* MockRecognitionService.swift */ = {isa = PBXFileReference; lastKnownFileType = sourcecode.swift; path = MockRecognitionService.swift; sourceTree = "<group>"; };
		E522B477DC378F5CF8AB9C4C /* RecognitionServiceProtocol.swift */ = {isa = PBXFileReference; lastKnownFileType = sourcecode.swift; path = RecognitionServiceProtocol.swift; sourceTree = "<group>"; };
		EB7AFC1792774B07CAF50615 /* PulsefieldMac.app */ = {isa = PBXFileReference; includeInIndex = 0; lastKnownFileType = wrapper.application; path = PulsefieldMac.app; sourceTree = BUILT_PRODUCTS_DIR; };
		ED4A20CA439FE4F3513DB1A2 /* CascadingRecognitionService.swift */ = {isa = PBXFileReference; lastKnownFileType = sourcecode.swift; path = CascadingRecognitionService.swift; sourceTree = "<group>"; };
		F45F8208B52EF6BC2629EBDD /* MicrophonePermissionService.swift */ = {isa = PBXFileReference; lastKnownFileType = sourcecode.swift; path = MicrophonePermissionService.swift; sourceTree = "<group>"; };
/* End PBXFileReference section */

/* Begin PBXFrameworksBuildPhase section */
		1A79BFCE7ADA34A1F3CF00A1 /* Frameworks */ = {
			isa = PBXFrameworksBuildPhase;
			buildActionMask = 2147483647;
			files = (
				02BD03125AEA567B23286D53 /* PulsefieldCore.framework in Frameworks */,
			);
			runOnlyForDeploymentPostprocessing = 0;
		};
		1E82682C64F4A20E159E832A /* Frameworks */ = {
			isa = PBXFrameworksBuildPhase;
			buildActionMask = 2147483647;
			files = (
				9E618892E41288E421193A60 /* PulsefieldCore.framework in Frameworks */,
				9970F5618E7AF56EB7CF104F /* PulsefieldUI.framework in Frameworks */,
			);
			runOnlyForDeploymentPostprocessing = 0;
		};
		22334F0AC0A2876BEE261A9B /* Frameworks */ = {
			isa = PBXFrameworksBuildPhase;
			buildActionMask = 2147483647;
			files = (
				2D87A22F4C2FF0724BAB02C4 /* PulsefieldCore.framework in Frameworks */,
				C2DC4CA9490680BF832B1AA0 /* PulsefieldUI.framework in Frameworks */,
			);
			runOnlyForDeploymentPostprocessing = 0;
		};
		86943A54738F6F636A073A92 /* Frameworks */ = {
			isa = PBXFrameworksBuildPhase;
			buildActionMask = 2147483647;
			files = (
				4A4458CD96C392CF5341E8AE /* PulsefieldCore.framework in Frameworks */,
			);
			runOnlyForDeploymentPostprocessing = 0;
		};
		CF2599EC66054B0A859650AC /* Frameworks */ = {
			isa = PBXFrameworksBuildPhase;
			buildActionMask = 2147483647;
			files = (
				D46F277B68C8F973A3FE9529 /* AVFoundation.framework in Frameworks */,
			);
			runOnlyForDeploymentPostprocessing = 0;
		};
/* End PBXFrameworksBuildPhase section */

/* Begin PBXGroup section */
		0836D9C79BB52C1F5F0AD1BA /* docs */ = {
			isa = PBXGroup;
			children = (
				66C8330F5D9315B7523A49AF /* design */,
				756B0500E9717B688FC88E29 /* execution-plan */,
			);
			path = docs;
			sourceTree = "<group>";
		};
		09CA27BD788901A1486A596B /* Mania4K */ = {
			isa = PBXGroup;
			children = (
				0B7F34B30233C62EE4CA2746 /* Mania4KPlayExperienceView.swift */,
			);
			path = Mania4K;
			sourceTree = "<group>";
		};
		0ADA427D0279624FD7001F4E /* Mania4K */ = {
			isa = PBXGroup;
			children = (
				65931740476AF6B6432DB7FF /* Mania4KPlaySessionModel.swift */,
			);
			path = Mania4K;
			sourceTree = "<group>";
		};
		1D472204F12C62EEB1A0E71D /* Recognition */ = {
			isa = PBXGroup;
			children = (
				ED4A20CA439FE4F3513DB1A2 /* CascadingRecognitionService.swift */,
				D6AE855CD84CDFD620DA302F /* MockRecognitionService.swift */,
				E522B477DC378F5CF8AB9C4C /* RecognitionServiceProtocol.swift */,
				C01A60D735C381292553A5F8 /* UnavailableLiveRecognitionService.swift */,
				9AD875058E105B569F3F3F40 /* UnavailableRecognitionProviderClient.swift */,
			);
			path = Recognition;
			sourceTree = "<group>";
		};
		28F7FF2DE7BB92A62ABE0429 /* Permissions */ = {
			isa = PBXGroup;
			children = (
				F45F8208B52EF6BC2629EBDD /* MicrophonePermissionService.swift */,
			);
			path = Permissions;
			sourceTree = "<group>";
		};
		3467BAE7E553589AB7891349 /* Apps */ = {
			isa = PBXGroup;
			children = (
				54D8F85A021581F36CC2B4EC /* PulsefieldiOS */,
				A477F690D1B4A5D6A1D2554B /* PulsefieldMac */,
			);
			path = Apps;
			sourceTree = "<group>";
		};
		3BEF728EC9AF14CF503B65AD /* PulsefieldUI */ = {
			isa = PBXGroup;
			children = (
				6CFFEF2E1C9051E902945F6C /* Features */,
			);
			path = PulsefieldUI;
			sourceTree = "<group>";
		};
		3D7D427117265907596493ED /* Beatmap */ = {
			isa = PBXGroup;
			children = (
				728B90249B2A0A72FCD3580B /* BeatmapGenerationService.swift */,
			);
			path = Beatmap;
			sourceTree = "<group>";
		};
		54D8F85A021581F36CC2B4EC /* PulsefieldiOS */ = {
			isa = PBXGroup;
			children = (
				BEFC56F5F1D0A58C6ED5BD3A /* PulsefieldiOSApp.swift */,
			);
			path = PulsefieldiOS;
			sourceTree = "<group>";
		};
		5A25F763B47C30D8730EBB14 = {
			isa = PBXGroup;
			children = (
				6549DBD3F9F54465CDB658A5 /* AGENTS.md */,
				1ED00D85508FC1CAA511109B /* LICENSE */,
				13621072D594A7CD021F2B13 /* README.md */,
				3467BAE7E553589AB7891349 /* Apps */,
				0836D9C79BB52C1F5F0AD1BA /* docs */,
				8531547808AB3132D551D011 /* Sources */,
				FDD1267957FCCE37D053068C /* Tests */,
				5A7DF3A0D35EC3422DBA0737 /* Frameworks */,
				996234DD38B53E20B19FD62A /* Products */,
			);
			sourceTree = "<group>";
		};
		5A7DF3A0D35EC3422DBA0737 /* Frameworks */ = {
			isa = PBXGroup;
			children = (
				56EB7BD2459DEAB60737DD1E /* AVFoundation.framework */,
			);
			name = Frameworks;
			sourceTree = "<group>";
		};
		66C8330F5D9315B7523A49AF /* design */ = {
			isa = PBXGroup;
			children = (
				1566D4A2453B11FD004842DC /* mania-4k-play-experience-design.md */,
				29B6C98909AAEFF35D9B16F1 /* recognition-architecture.md */,
				279883F0FED22764769D789B /* swiftui-guidelines.md */,
			);
			path = design;
			sourceTree = "<group>";
		};
		6CFFEF2E1C9051E902945F6C /* Features */ = {
			isa = PBXGroup;
			children = (
				09CA27BD788901A1486A596B /* Mania4K */,
				9856F28F595C97EEE192D7EF /* Recognition */,
			);
			path = Features;
			sourceTree = "<group>";
		};
		70F14B3A6C3F27005D113EB5 /* PulsefieldCoreTests */ = {
			isa = PBXGroup;
			children = (
				A9C0AFD64ABA7C7C86048235 /* CascadingRecognitionServiceTests.swift */,
				9BAF8E8D435CA620D624CE54 /* Mania4KPlaySessionModelTests.swift */,
				4A37495C7C03786C6C70AF14 /* RecognitionAppModelTests.swift */,
			);
			path = PulsefieldCoreTests;
			sourceTree = "<group>";
		};
		756B0500E9717B688FC88E29 /* execution-plan */ = {
			isa = PBXGroup;
			children = (
				333E4D546E88B031812D5CE9 /* mania-4k-ui-scene-research-plan.md */,
			);
			path = "execution-plan";
			sourceTree = "<group>";
		};
		83234DA22C958E2413A6EACA /* Recognition */ = {
			isa = PBXGroup;
			children = (
				5ECCDB69F561441CFB7369B2 /* RecognitionAppModel.swift */,
			);
			path = Recognition;
			sourceTree = "<group>";
		};
		8531547808AB3132D551D011 /* Sources */ = {
			isa = PBXGroup;
			children = (
				E883E0B129D3970E0690A2FE /* PulsefieldCore */,
				3BEF728EC9AF14CF503B65AD /* PulsefieldUI */,
			);
			path = Sources;
			sourceTree = "<group>";
		};
		90B5ECB7826DB43DCCBB5377 /* Features */ = {
			isa = PBXGroup;
			children = (
				0ADA427D0279624FD7001F4E /* Mania4K */,
				83234DA22C958E2413A6EACA /* Recognition */,
			);
			path = Features;
			sourceTree = "<group>";
		};
		9856F28F595C97EEE192D7EF /* Recognition */ = {
			isa = PBXGroup;
			children = (
				6CA7A26E40728ECEA439A0AA /* RecognitionDashboardView.swift */,
			);
			path = Recognition;
			sourceTree = "<group>";
		};
		996234DD38B53E20B19FD62A /* Products */ = {
			isa = PBXGroup;
			children = (
				A387EEA1983387E2E36565AD /* PulsefieldCore.framework */,
				17DCB31FB4118757EAD79704 /* PulsefieldCoreTests.xctest */,
				6A5DC9D386B2ECD255849946 /* PulsefieldiOS.app */,
				EB7AFC1792774B07CAF50615 /* PulsefieldMac.app */,
				A9C81D865B64C6D256B24F2B /* PulsefieldUI.framework */,
			);
			name = Products;
			sourceTree = "<group>";
		};
		A477F690D1B4A5D6A1D2554B /* PulsefieldMac */ = {
			isa = PBXGroup;
			children = (
				571E459554DDE450E8EE1726 /* PulsefieldMacApp.swift */,
			);
			path = PulsefieldMac;
			sourceTree = "<group>";
		};
		C257E42A6DDD088636F2F66F /* Services */ = {
			isa = PBXGroup;
			children = (
				3D7D427117265907596493ED /* Beatmap */,
				28F7FF2DE7BB92A62ABE0429 /* Permissions */,
				1D472204F12C62EEB1A0E71D /* Recognition */,
			);
			path = Services;
			sourceTree = "<group>";
		};
		E883E0B129D3970E0690A2FE /* PulsefieldCore */ = {
			isa = PBXGroup;
			children = (
				F6107D7E1803E9CBD19ACA2E /* Domain */,
				90B5ECB7826DB43DCCBB5377 /* Features */,
				C257E42A6DDD088636F2F66F /* Services */,
			);
			path = PulsefieldCore;
			sourceTree = "<group>";
		};
		F6107D7E1803E9CBD19ACA2E /* Domain */ = {
			isa = PBXGroup;
			children = (
				40490916DA33124F9DB0B512 /* BeatmapDomain.swift */,
				45ECE8CA145AF5FCACE46022 /* Mania4KDomain.swift */,
				78ACE1CB799708B529D40F93 /* PreviewFixtures.swift */,
				CEA92F2BB55484B411AD9D77 /* RecognitionArchitecture.swift */,
				AE86054D09DCC083F246CB0C /* RecognitionDomain.swift */,
			);
			path = Domain;
			sourceTree = "<group>";
		};
		FDD1267957FCCE37D053068C /* Tests */ = {
			isa = PBXGroup;
			children = (
				70F14B3A6C3F27005D113EB5 /* PulsefieldCoreTests */,
			);
			path = Tests;
			sourceTree = "<group>";
		};
/* End PBXGroup section */

/* Begin PBXNativeTarget section */
		0CC12B3E30EBEFF66D15DD49 /* PulsefieldCoreTests */ = {
			isa = PBXNativeTarget;
			buildConfigurationList = FBE8E274776345283A4DA9DB /* Build configuration list for PBXNativeTarget "PulsefieldCoreTests" */;
			buildPhases = (
				607AE61E0D64B8DAC37A7D4E /* Sources */,
				1A79BFCE7ADA34A1F3CF00A1 /* Frameworks */,
				2E837931135F327BBAD0F0F2 /* Embed Frameworks */,
			);
			buildRules = (
			);
			dependencies = (
				4E210BF95BD44D5633084C54 /* PBXTargetDependency */,
			);
			name = PulsefieldCoreTests;
			packageProductDependencies = (
			);
			productName = PulsefieldCoreTests;
			productReference = 17DCB31FB4118757EAD79704 /* PulsefieldCoreTests.xctest */;
			productType = "com.apple.product-type.bundle.unit-test";
		};
		400FC4CCC71B995495E6FB73 /* PulsefieldUI */ = {
			isa = PBXNativeTarget;
			buildConfigurationList = 7E045B63F757C81065EF2227 /* Build configuration list for PBXNativeTarget "PulsefieldUI" */;
			buildPhases = (
				BC2DF5C9E762136D749BC7C8 /* Sources */,
				86943A54738F6F636A073A92 /* Frameworks */,
			);
			buildRules = (
			);
			dependencies = (
				0C21A6DF44FD9E30121A554A /* PBXTargetDependency */,
			);
			name = PulsefieldUI;
			packageProductDependencies = (
			);
			productName = PulsefieldUI;
			productReference = A9C81D865B64C6D256B24F2B /* PulsefieldUI.framework */;
			productType = "com.apple.product-type.framework";
		};
		80A6CE1E8D536A3AF42AFE00 /* PulsefieldMac */ = {
			isa = PBXNativeTarget;
			buildConfigurationList = B8AF1018367428F77BDEB263 /* Build configuration list for PBXNativeTarget "PulsefieldMac" */;
			buildPhases = (
				5C70F12E66B6EC9CFFAE3817 /* Sources */,
				22334F0AC0A2876BEE261A9B /* Frameworks */,
				C3D2CEDFDD467B19C8A3147D /* Embed Frameworks */,
			);
			buildRules = (
			);
			dependencies = (
				408D17582B9149ABA62D6FE2 /* PBXTargetDependency */,
				6467414F68EE2E79D03FCBE1 /* PBXTargetDependency */,
			);
			name = PulsefieldMac;
			packageProductDependencies = (
			);
			productName = PulsefieldMac;
			productReference = EB7AFC1792774B07CAF50615 /* PulsefieldMac.app */;
			productType = "com.apple.product-type.application";
		};
		C6216F9238290FC4E63A1E93 /* PulsefieldiOS */ = {
			isa = PBXNativeTarget;
			buildConfigurationList = AEBCBEC66CC092B7E1BD0793 /* Build configuration list for PBXNativeTarget "PulsefieldiOS" */;
			buildPhases = (
				F703F48D5C7DE889E107CA84 /* Sources */,
				1E82682C64F4A20E159E832A /* Frameworks */,
				A69BD475FCA2C223E6B86398 /* Embed Frameworks */,
			);
			buildRules = (
			);
			dependencies = (
				FD2025CAC60D7A2989A346B0 /* PBXTargetDependency */,
				1B41F87DFD7A338E6F7A8BE5 /* PBXTargetDependency */,
			);
			name = PulsefieldiOS;
			packageProductDependencies = (
			);
			productName = PulsefieldiOS;
			productReference = 6A5DC9D386B2ECD255849946 /* PulsefieldiOS.app */;
			productType = "com.apple.product-type.application";
		};
		ED46F20630734EA83BA6607D /* PulsefieldCore */ = {
			isa = PBXNativeTarget;
			buildConfigurationList = 8628596D952745E7858C995A /* Build configuration list for PBXNativeTarget "PulsefieldCore" */;
			buildPhases = (
				FAC9BF46436F9973979F911C /* Sources */,
				CF2599EC66054B0A859650AC /* Frameworks */,
			);
			buildRules = (
			);
			dependencies = (
			);
			name = PulsefieldCore;
			packageProductDependencies = (
			);
			productName = PulsefieldCore;
			productReference = A387EEA1983387E2E36565AD /* PulsefieldCore.framework */;
			productType = "com.apple.product-type.framework";
		};
/* End PBXNativeTarget section */

/* Begin PBXProject section */
		F9B722C391474AD55EB39B2E /* Project object */ = {
			isa = PBXProject;
			attributes = {
				BuildIndependentTargetsInParallel = YES;
				LastUpgradeCheck = 1430;
				TargetAttributes = {
					0CC12B3E30EBEFF66D15DD49 = {
						ProvisioningStyle = Automatic;
					};
					400FC4CCC71B995495E6FB73 = {
						ProvisioningStyle = Automatic;
					};
					80A6CE1E8D536A3AF42AFE00 = {
						ProvisioningStyle = Automatic;
					};
					C6216F9238290FC4E63A1E93 = {
						ProvisioningStyle = Automatic;
					};
					ED46F20630734EA83BA6607D = {
						ProvisioningStyle = Automatic;
					};
				};
			};
			buildConfigurationList = BACD41B0B560D9A848CF294E /* Build configuration list for PBXProject "Pulsefield" */;
			developmentRegion = en;
			hasScannedForEncodings = 0;
			knownRegions = (
				Base,
				en,
			);
			mainGroup = 5A25F763B47C30D8730EBB14;
			minimizedProjectReferenceProxies = 1;
			preferredProjectObjectVersion = 77;
			productRefGroup = 996234DD38B53E20B19FD62A /* Products */;
			projectDirPath = "";
			projectRoot = "";
			targets = (
				ED46F20630734EA83BA6607D /* PulsefieldCore */,
				0CC12B3E30EBEFF66D15DD49 /* PulsefieldCoreTests */,
				80A6CE1E8D536A3AF42AFE00 /* PulsefieldMac */,
				400FC4CCC71B995495E6FB73 /* PulsefieldUI */,
				C6216F9238290FC4E63A1E93 /* PulsefieldiOS */,
			);
		};
/* End PBXProject section */

/* Begin PBXSourcesBuildPhase section */
		5C70F12E66B6EC9CFFAE3817 /* Sources */ = {
			isa = PBXSourcesBuildPhase;
			buildActionMask = 2147483647;
			files = (
				24B5A948743695A047C0AEDE /* PulsefieldMacApp.swift in Sources */,
			);
			runOnlyForDeploymentPostprocessing = 0;
		};
		607AE61E0D64B8DAC37A7D4E /* Sources */ = {
			isa = PBXSourcesBuildPhase;
			buildActionMask = 2147483647;
			files = (
				2AD790A5ACB1EFFDA192D181 /* CascadingRecognitionServiceTests.swift in Sources */,
				5C3FAFADD702D6CFFE48A72B /* Mania4KPlaySessionModelTests.swift in Sources */,
				45A98DB9677287374091F460 /* RecognitionAppModelTests.swift in Sources */,
			);
			runOnlyForDeploymentPostprocessing = 0;
		};
		BC2DF5C9E762136D749BC7C8 /* Sources */ = {
			isa = PBXSourcesBuildPhase;
			buildActionMask = 2147483647;
			files = (
				FC9C0773A8A231E694B89EB7 /* Mania4KPlayExperienceView.swift in Sources */,
				30C064BBD9B8963AABD53194 /* RecognitionDashboardView.swift in Sources */,
			);
			runOnlyForDeploymentPostprocessing = 0;
		};
		F703F48D5C7DE889E107CA84 /* Sources */ = {
			isa = PBXSourcesBuildPhase;
			buildActionMask = 2147483647;
			files = (
				A4C0C039BABC46277245ABBF /* PulsefieldiOSApp.swift in Sources */,
			);
			runOnlyForDeploymentPostprocessing = 0;
		};
		FAC9BF46436F9973979F911C /* Sources */ = {
			isa = PBXSourcesBuildPhase;
			buildActionMask = 2147483647;
			files = (
				E2A8570789AC186771AAE508 /* BeatmapDomain.swift in Sources */,
				49BD393871163EE821A80748 /* BeatmapGenerationService.swift in Sources */,
				92E245E5EFD540B91AC38971 /* CascadingRecognitionService.swift in Sources */,
				BB04DF61AB24DA410A01CDE5 /* Mania4KDomain.swift in Sources */,
				1787F44AD3393A1EA967905E /* Mania4KPlaySessionModel.swift in Sources */,
				FCC100D6A0B140451439956B /* MicrophonePermissionService.swift in Sources */,
				9D8A7FC07558045972D8C6C1 /* MockRecognitionService.swift in Sources */,
				DB02F5130C3C9A526C48CED9 /* PreviewFixtures.swift in Sources */,
				D3A932DF8385FDF6983710EB /* RecognitionAppModel.swift in Sources */,
				0FF3A89698A64FC665C1EA12 /* RecognitionArchitecture.swift in Sources */,
				79A78B41EC226018D2E55F11 /* RecognitionDomain.swift in Sources */,
				7752F7EAFF1D57B9A8657190 /* RecognitionServiceProtocol.swift in Sources */,
				4B59F19EC0E3380CE1A99D4E /* UnavailableLiveRecognitionService.swift in Sources */,
				2B05FC1CF3FF0DC5F76D63D0 /* UnavailableRecognitionProviderClient.swift in Sources */,
			);
			runOnlyForDeploymentPostprocessing = 0;
		};
/* End PBXSourcesBuildPhase section */

/* Begin PBXTargetDependency section */
		0C21A6DF44FD9E30121A554A /* PBXTargetDependency */ = {
			isa = PBXTargetDependency;
			target = ED46F20630734EA83BA6607D /* PulsefieldCore */;
			targetProxy = 4A03822B90A54EA2184732F4 /* PBXContainerItemProxy */;
		};
		1B41F87DFD7A338E6F7A8BE5 /* PBXTargetDependency */ = {
			isa = PBXTargetDependency;
			target = 400FC4CCC71B995495E6FB73 /* PulsefieldUI */;
			targetProxy = 157FBE54CD8A7AE99BF7070E /* PBXContainerItemProxy */;
		};
		408D17582B9149ABA62D6FE2 /* PBXTargetDependency */ = {
			isa = PBXTargetDependency;
			target = ED46F20630734EA83BA6607D /* PulsefieldCore */;
			targetProxy = A1A4977885FF8B284B98102F /* PBXContainerItemProxy */;
		};
		4E210BF95BD44D5633084C54 /* PBXTargetDependency */ = {
			isa = PBXTargetDependency;
			target = ED46F20630734EA83BA6607D /* PulsefieldCore */;
			targetProxy = E6FDF5B13B0789665F57AB94 /* PBXContainerItemProxy */;
		};
		6467414F68EE2E79D03FCBE1 /* PBXTargetDependency */ = {
			isa = PBXTargetDependency;
			target = 400FC4CCC71B995495E6FB73 /* PulsefieldUI */;
			targetProxy = AC8AFEBB7BC3C8C54125ED77 /* PBXContainerItemProxy */;
		};
		FD2025CAC60D7A2989A346B0 /* PBXTargetDependency */ = {
			isa = PBXTargetDependency;
			target = ED46F20630734EA83BA6607D /* PulsefieldCore */;
			targetProxy = FEC0FDA9899E5555E752C80B /* PBXContainerItemProxy */;
		};
/* End PBXTargetDependency section */

/* Begin XCBuildConfiguration section */
		0557F9D202719D2E24DFC4CD /* Release */ = {
			isa = XCBuildConfiguration;
			buildSettings = {
				ASSETCATALOG_COMPILER_APPICON_NAME = "";
				CODE_SIGN_IDENTITY = "iPhone Developer";
				INFOPLIST_KEY_CFBundleDisplayName = Pulsefield;
				INFOPLIST_KEY_NSMicrophoneUsageDescription = "Pulsefield uses the microphone to prototype nearby music recognition flows.";
				LD_RUNPATH_SEARCH_PATHS = (
					"$(inherited)",
					"@executable_path/Frameworks",
				);
				PRODUCT_BUNDLE_IDENTIFIER = io.pulsefield.ios;
				SDKROOT = auto;
				SUPPORTED_PLATFORMS = "iphoneos iphonesimulator";
				SUPPORTS_MACCATALYST = NO;
				SUPPORTS_MAC_DESIGNED_FOR_IPHONE_IPAD = YES;
				SUPPORTS_XR_DESIGNED_FOR_IPHONE_IPAD = YES;
				TARGETED_DEVICE_FAMILY = "1,2";
			};
			name = Release;
		};
		09259B5E7C65218A050EAC16 /* Release */ = {
			isa = XCBuildConfiguration;
			buildSettings = {
				ALWAYS_SEARCH_USER_PATHS = NO;
				CLANG_ANALYZER_NONNULL = YES;
				CLANG_ANALYZER_NUMBER_OBJECT_CONVERSION = YES_AGGRESSIVE;
				CLANG_CXX_LANGUAGE_STANDARD = "gnu++14";
				CLANG_CXX_LIBRARY = "libc++";
				CLANG_ENABLE_MODULES = YES;
				CLANG_ENABLE_OBJC_ARC = YES;
				CLANG_ENABLE_OBJC_WEAK = YES;
				CLANG_WARN_BLOCK_CAPTURE_AUTORELEASING = YES;
				CLANG_WARN_BOOL_CONVERSION = YES;
				CLANG_WARN_COMMA = YES;
				CLANG_WARN_CONSTANT_CONVERSION = YES;
				CLANG_WARN_DEPRECATED_OBJC_IMPLEMENTATIONS = YES;
				CLANG_WARN_DIRECT_OBJC_ISA_USAGE = YES_ERROR;
				CLANG_WARN_DOCUMENTATION_COMMENTS = YES;
				CLANG_WARN_EMPTY_BODY = YES;
				CLANG_WARN_ENUM_CONVERSION = YES;
				CLANG_WARN_INFINITE_RECURSION = YES;
				CLANG_WARN_INT_CONVERSION = YES;
				CLANG_WARN_NON_LITERAL_NULL_CONVERSION = YES;
				CLANG_WARN_OBJC_IMPLICIT_RETAIN_SELF = YES;
				CLANG_WARN_OBJC_LITERAL_CONVERSION = YES;
				CLANG_WARN_OBJC_ROOT_CLASS = YES_ERROR;
				CLANG_WARN_QUOTED_INCLUDE_IN_FRAMEWORK_HEADER = YES;
				CLANG_WARN_RANGE_LOOP_ANALYSIS = YES;
				CLANG_WARN_STRICT_PROTOTYPES = YES;
				CLANG_WARN_SUSPICIOUS_MOVE = YES;
				CLANG_WARN_UNGUARDED_AVAILABILITY = YES_AGGRESSIVE;
				CLANG_WARN_UNREACHABLE_CODE = YES;
				CLANG_WARN__DUPLICATE_METHOD_MATCH = YES;
				CODE_SIGN_STYLE = Automatic;
				COPY_PHASE_STRIP = NO;
				DEBUG_INFORMATION_FORMAT = "dwarf-with-dsym";
				ENABLE_NS_ASSERTIONS = NO;
				ENABLE_STRICT_OBJC_MSGSEND = YES;
				GCC_C_LANGUAGE_STANDARD = gnu11;
				GCC_NO_COMMON_BLOCKS = YES;
				GCC_WARN_64_TO_32_BIT_CONVERSION = YES;
				GCC_WARN_ABOUT_RETURN_TYPE = YES_ERROR;
				GCC_WARN_UNDECLARED_SELECTOR = YES;
				GCC_WARN_UNINITIALIZED_AUTOS = YES_AGGRESSIVE;
				GCC_WARN_UNUSED_FUNCTION = YES;
				GCC_WARN_UNUSED_VARIABLE = YES;
				GENERATE_INFOPLIST_FILE = YES;
				IPHONEOS_DEPLOYMENT_TARGET = 17.0;
				MACOSX_DEPLOYMENT_TARGET = 14.0;
				MTL_ENABLE_DEBUG_INFO = NO;
				MTL_FAST_MATH = YES;
				PRODUCT_NAME = "$(TARGET_NAME)";
				SDKROOT = auto;
				SWIFT_COMPILATION_MODE = wholemodule;
				SWIFT_OPTIMIZATION_LEVEL = "-O";
				SWIFT_VERSION = 6.0;
			};
			name = Release;
		};
		38C2C0DA844AE6BEEA49EDF6 /* Debug */ = {
			isa = XCBuildConfiguration;
			buildSettings = {
				BUNDLE_LOADER = "$(TEST_HOST)";
				COMBINE_HIDPI_IMAGES = YES;
				LD_RUNPATH_SEARCH_PATHS = (
					"$(inherited)",
					"@executable_path/../Frameworks",
					"@loader_path/../Frameworks",
				);
				PRODUCT_BUNDLE_IDENTIFIER = io.pulsefield.core.tests;
				SDKROOT = auto;
				SUPPORTED_PLATFORMS = macosx;
				SUPPORTS_MACCATALYST = NO;
				SUPPORTS_MAC_DESIGNED_FOR_IPHONE_IPAD = NO;
				TARGETED_DEVICE_FAMILY = "";
			};
			name = Debug;
		};
		4ADF2DDCAE510114277A5DA2 /* Debug */ = {
			isa = XCBuildConfiguration;
			buildSettings = {
				CODE_SIGN_IDENTITY = "";
				CURRENT_PROJECT_VERSION = 1;
				DEFINES_MODULE = YES;
				DYLIB_COMPATIBILITY_VERSION = 1;
				DYLIB_CURRENT_VERSION = 1;
				DYLIB_INSTALL_NAME_BASE = "@rpath";
				INSTALL_PATH = "$(LOCAL_LIBRARY_DIR)/Frameworks";
				LD_RUNPATH_SEARCH_PATHS = (
					"$(inherited)",
					"@executable_path/Frameworks",
				);
				PRODUCT_BUNDLE_IDENTIFIER = io.pulsefield.core;
				SDKROOT = auto;
				SKIP_INSTALL = YES;
				SUPPORTED_PLATFORMS = "iphoneos iphonesimulator macosx";
				SUPPORTS_MACCATALYST = NO;
				SUPPORTS_MAC_DESIGNED_FOR_IPHONE_IPAD = NO;
				SUPPORTS_XR_DESIGNED_FOR_IPHONE_IPAD = YES;
				TARGETED_DEVICE_FAMILY = "1,2";
				VERSIONING_SYSTEM = "apple-generic";
			};
			name = Debug;
		};
		6161B386FBCF4281817E5498 /* Release */ = {
			isa = XCBuildConfiguration;
			buildSettings = {
				CODE_SIGN_IDENTITY = "";
				CURRENT_PROJECT_VERSION = 1;
				DEFINES_MODULE = YES;
				DYLIB_COMPATIBILITY_VERSION = 1;
				DYLIB_CURRENT_VERSION = 1;
				DYLIB_INSTALL_NAME_BASE = "@rpath";
				INSTALL_PATH = "$(LOCAL_LIBRARY_DIR)/Frameworks";
				LD_RUNPATH_SEARCH_PATHS = (
					"$(inherited)",
					"@executable_path/Frameworks",
				);
				PRODUCT_BUNDLE_IDENTIFIER = io.pulsefield.ui;
				SDKROOT = auto;
				SKIP_INSTALL = YES;
				SUPPORTED_PLATFORMS = "iphoneos iphonesimulator macosx";
				SUPPORTS_MACCATALYST = NO;
				SUPPORTS_MAC_DESIGNED_FOR_IPHONE_IPAD = NO;
				SUPPORTS_XR_DESIGNED_FOR_IPHONE_IPAD = YES;
				TARGETED_DEVICE_FAMILY = "1,2";
				VERSIONING_SYSTEM = "apple-generic";
			};
			name = Release;
		};
		6C5B55ACA6E2383E22A02507 /* Debug */ = {
			isa = XCBuildConfiguration;
			buildSettings = {
				ASSETCATALOG_COMPILER_APPICON_NAME = "";
				CODE_SIGNING_ALLOWED = NO;
				CODE_SIGNING_REQUIRED = NO;
				COMBINE_HIDPI_IMAGES = YES;
				INFOPLIST_KEY_CFBundleDisplayName = Pulsefield;
				INFOPLIST_KEY_NSMicrophoneUsageDescription = "Pulsefield uses the microphone to prototype nearby music recognition flows.";
				LD_RUNPATH_SEARCH_PATHS = (
					"$(inherited)",
					"@executable_path/../Frameworks",
				);
				PRODUCT_BUNDLE_IDENTIFIER = io.pulsefield.mac;
				SDKROOT = auto;
				SUPPORTED_PLATFORMS = macosx;
				SUPPORTS_MACCATALYST = NO;
				SUPPORTS_MAC_DESIGNED_FOR_IPHONE_IPAD = NO;
				TARGETED_DEVICE_FAMILY = "";
			};
			name = Debug;
		};
		7B13563CC9835BC284A1E3E4 /* Debug */ = {
			isa = XCBuildConfiguration;
			buildSettings = {
				ASSETCATALOG_COMPILER_APPICON_NAME = "";
				CODE_SIGNING_ALLOWED = NO;
				CODE_SIGNING_REQUIRED = NO;
				CODE_SIGN_IDENTITY = "iPhone Developer";
				INFOPLIST_KEY_CFBundleDisplayName = Pulsefield;
				INFOPLIST_KEY_NSMicrophoneUsageDescription = "Pulsefield uses the microphone to prototype nearby music recognition flows.";
				LD_RUNPATH_SEARCH_PATHS = (
					"$(inherited)",
					"@executable_path/Frameworks",
				);
				PRODUCT_BUNDLE_IDENTIFIER = io.pulsefield.ios;
				SDKROOT = auto;
				SUPPORTED_PLATFORMS = "iphoneos iphonesimulator";
				SUPPORTS_MACCATALYST = NO;
				SUPPORTS_MAC_DESIGNED_FOR_IPHONE_IPAD = YES;
				SUPPORTS_XR_DESIGNED_FOR_IPHONE_IPAD = YES;
				TARGETED_DEVICE_FAMILY = "1,2";
			};
			name = Debug;
		};
		8343444A4973C27D3F87E94B /* Debug */ = {
			isa = XCBuildConfiguration;
			buildSettings = {
				ALWAYS_SEARCH_USER_PATHS = NO;
				CLANG_ANALYZER_NONNULL = YES;
				CLANG_ANALYZER_NUMBER_OBJECT_CONVERSION = YES_AGGRESSIVE;
				CLANG_CXX_LANGUAGE_STANDARD = "gnu++14";
				CLANG_CXX_LIBRARY = "libc++";
				CLANG_ENABLE_MODULES = YES;
				CLANG_ENABLE_OBJC_ARC = YES;
				CLANG_ENABLE_OBJC_WEAK = YES;
				CLANG_WARN_BLOCK_CAPTURE_AUTORELEASING = YES;
				CLANG_WARN_BOOL_CONVERSION = YES;
				CLANG_WARN_COMMA = YES;
				CLANG_WARN_CONSTANT_CONVERSION = YES;
				CLANG_WARN_DEPRECATED_OBJC_IMPLEMENTATIONS = YES;
				CLANG_WARN_DIRECT_OBJC_ISA_USAGE = YES_ERROR;
				CLANG_WARN_DOCUMENTATION_COMMENTS = YES;
				CLANG_WARN_EMPTY_BODY = YES;
				CLANG_WARN_ENUM_CONVERSION = YES;
				CLANG_WARN_INFINITE_RECURSION = YES;
				CLANG_WARN_INT_CONVERSION = YES;
				CLANG_WARN_NON_LITERAL_NULL_CONVERSION = YES;
				CLANG_WARN_OBJC_IMPLICIT_RETAIN_SELF = YES;
				CLANG_WARN_OBJC_LITERAL_CONVERSION = YES;
				CLANG_WARN_OBJC_ROOT_CLASS = YES_ERROR;
				CLANG_WARN_QUOTED_INCLUDE_IN_FRAMEWORK_HEADER = YES;
				CLANG_WARN_RANGE_LOOP_ANALYSIS = YES;
				CLANG_WARN_STRICT_PROTOTYPES = YES;
				CLANG_WARN_SUSPICIOUS_MOVE = YES;
				CLANG_WARN_UNGUARDED_AVAILABILITY = YES_AGGRESSIVE;
				CLANG_WARN_UNREACHABLE_CODE = YES;
				CLANG_WARN__DUPLICATE_METHOD_MATCH = YES;
				CODE_SIGN_STYLE = Automatic;
				COPY_PHASE_STRIP = NO;
				DEBUG_INFORMATION_FORMAT = dwarf;
				ENABLE_STRICT_OBJC_MSGSEND = YES;
				ENABLE_TESTABILITY = YES;
				GCC_C_LANGUAGE_STANDARD = gnu11;
				GCC_DYNAMIC_NO_PIC = NO;
				GCC_NO_COMMON_BLOCKS = YES;
				GCC_OPTIMIZATION_LEVEL = 0;
				GCC_PREPROCESSOR_DEFINITIONS = (
					"$(inherited)",
					"DEBUG=1",
				);
				GCC_WARN_64_TO_32_BIT_CONVERSION = YES;
				GCC_WARN_ABOUT_RETURN_TYPE = YES_ERROR;
				GCC_WARN_UNDECLARED_SELECTOR = YES;
				GCC_WARN_UNINITIALIZED_AUTOS = YES_AGGRESSIVE;
				GCC_WARN_UNUSED_FUNCTION = YES;
				GCC_WARN_UNUSED_VARIABLE = YES;
				GENERATE_INFOPLIST_FILE = YES;
				IPHONEOS_DEPLOYMENT_TARGET = 17.0;
				MACOSX_DEPLOYMENT_TARGET = 14.0;
				MTL_ENABLE_DEBUG_INFO = INCLUDE_SOURCE;
				MTL_FAST_MATH = YES;
				ONLY_ACTIVE_ARCH = YES;
				PRODUCT_NAME = "$(TARGET_NAME)";
				SDKROOT = auto;
				SWIFT_ACTIVE_COMPILATION_CONDITIONS = DEBUG;
				SWIFT_OPTIMIZATION_LEVEL = "-Onone";
				SWIFT_VERSION = 6.0;
			};
			name = Debug;
		};
		90A4BD3106EDC2D1EEB11917 /* Release */ = {
			isa = XCBuildConfiguration;
			buildSettings = {
				BUNDLE_LOADER = "$(TEST_HOST)";
				COMBINE_HIDPI_IMAGES = YES;
				LD_RUNPATH_SEARCH_PATHS = (
					"$(inherited)",
					"@executable_path/../Frameworks",
					"@loader_path/../Frameworks",
				);
				PRODUCT_BUNDLE_IDENTIFIER = io.pulsefield.core.tests;
				SDKROOT = auto;
				SUPPORTED_PLATFORMS = macosx;
				SUPPORTS_MACCATALYST = NO;
				SUPPORTS_MAC_DESIGNED_FOR_IPHONE_IPAD = NO;
				TARGETED_DEVICE_FAMILY = "";
			};
			name = Release;
		};
		A14BFBB8D3C4D7B2FEAF6E5C /* Release */ = {
			isa = XCBuildConfiguration;
			buildSettings = {
				ASSETCATALOG_COMPILER_APPICON_NAME = "";
				COMBINE_HIDPI_IMAGES = YES;
				INFOPLIST_KEY_CFBundleDisplayName = Pulsefield;
				INFOPLIST_KEY_NSMicrophoneUsageDescription = "Pulsefield uses the microphone to prototype nearby music recognition flows.";
				LD_RUNPATH_SEARCH_PATHS = (
					"$(inherited)",
					"@executable_path/../Frameworks",
				);
				PRODUCT_BUNDLE_IDENTIFIER = io.pulsefield.mac;
				SDKROOT = auto;
				SUPPORTED_PLATFORMS = macosx;
				SUPPORTS_MACCATALYST = NO;
				SUPPORTS_MAC_DESIGNED_FOR_IPHONE_IPAD = NO;
				TARGETED_DEVICE_FAMILY = "";
			};
			name = Release;
		};
		C89C1DF8B16C890E30D4F3E9 /* Release */ = {
			isa = XCBuildConfiguration;
			buildSettings = {
				CODE_SIGN_IDENTITY = "";
				CURRENT_PROJECT_VERSION = 1;
				DEFINES_MODULE = YES;
				DYLIB_COMPATIBILITY_VERSION = 1;
				DYLIB_CURRENT_VERSION = 1;
				DYLIB_INSTALL_NAME_BASE = "@rpath";
				INSTALL_PATH = "$(LOCAL_LIBRARY_DIR)/Frameworks";
				LD_RUNPATH_SEARCH_PATHS = (
					"$(inherited)",
					"@executable_path/Frameworks",
				);
				PRODUCT_BUNDLE_IDENTIFIER = io.pulsefield.core;
				SDKROOT = auto;
				SKIP_INSTALL = YES;
				SUPPORTED_PLATFORMS = "iphoneos iphonesimulator macosx";
				SUPPORTS_MACCATALYST = NO;
				SUPPORTS_MAC_DESIGNED_FOR_IPHONE_IPAD = NO;
				SUPPORTS_XR_DESIGNED_FOR_IPHONE_IPAD = YES;
				TARGETED_DEVICE_FAMILY = "1,2";
				VERSIONING_SYSTEM = "apple-generic";
			};
			name = Release;
		};
		D3BC46B9044B181416B09075 /* Debug */ = {
			isa = XCBuildConfiguration;
			buildSettings = {
				CODE_SIGN_IDENTITY = "";
				CURRENT_PROJECT_VERSION = 1;
				DEFINES_MODULE = YES;
				DYLIB_COMPATIBILITY_VERSION = 1;
				DYLIB_CURRENT_VERSION = 1;
				DYLIB_INSTALL_NAME_BASE = "@rpath";
				INSTALL_PATH = "$(LOCAL_LIBRARY_DIR)/Frameworks";
				LD_RUNPATH_SEARCH_PATHS = (
					"$(inherited)",
					"@executable_path/Frameworks",
				);
				PRODUCT_BUNDLE_IDENTIFIER = io.pulsefield.ui;
				SDKROOT = auto;
				SKIP_INSTALL = YES;
				SUPPORTED_PLATFORMS = "iphoneos iphonesimulator macosx";
				SUPPORTS_MACCATALYST = NO;
				SUPPORTS_MAC_DESIGNED_FOR_IPHONE_IPAD = NO;
				SUPPORTS_XR_DESIGNED_FOR_IPHONE_IPAD = YES;
				TARGETED_DEVICE_FAMILY = "1,2";
				VERSIONING_SYSTEM = "apple-generic";
			};
			name = Debug;
		};
/* End XCBuildConfiguration section */

/* Begin XCConfigurationList section */
		7E045B63F757C81065EF2227 /* Build configuration list for PBXNativeTarget "PulsefieldUI" */ = {
			isa = XCConfigurationList;
			buildConfigurations = (
				D3BC46B9044B181416B09075 /* Debug */,
				6161B386FBCF4281817E5498 /* Release */,
			);
			defaultConfigurationIsVisible = 0;
			defaultConfigurationName = Debug;
		};
		8628596D952745E7858C995A /* Build configuration list for PBXNativeTarget "PulsefieldCore" */ = {
			isa = XCConfigurationList;
			buildConfigurations = (
				4ADF2DDCAE510114277A5DA2 /* Debug */,
				C89C1DF8B16C890E30D4F3E9 /* Release */,
			);
			defaultConfigurationIsVisible = 0;
			defaultConfigurationName = Debug;
		};
		AEBCBEC66CC092B7E1BD0793 /* Build configuration list for PBXNativeTarget "PulsefieldiOS" */ = {
			isa = XCConfigurationList;
			buildConfigurations = (
				7B13563CC9835BC284A1E3E4 /* Debug */,
				0557F9D202719D2E24DFC4CD /* Release */,
			);
			defaultConfigurationIsVisible = 0;
			defaultConfigurationName = Debug;
		};
		B8AF1018367428F77BDEB263 /* Build configuration list for PBXNativeTarget "PulsefieldMac" */ = {
			isa = XCConfigurationList;
			buildConfigurations = (
				6C5B55ACA6E2383E22A02507 /* Debug */,
				A14BFBB8D3C4D7B2FEAF6E5C /* Release */,
			);
			defaultConfigurationIsVisible = 0;
			defaultConfigurationName = Debug;
		};
		BACD41B0B560D9A848CF294E /* Build configuration list for PBXProject "Pulsefield" */ = {
			isa = XCConfigurationList;
			buildConfigurations = (
				8343444A4973C27D3F87E94B /* Debug */,
				09259B5E7C65218A050EAC16 /* Release */,
			);
			defaultConfigurationIsVisible = 0;
			defaultConfigurationName = Debug;
		};
		FBE8E274776345283A4DA9DB /* Build configuration list for PBXNativeTarget "PulsefieldCoreTests" */ = {
			isa = XCConfigurationList;
			buildConfigurations = (
				38C2C0DA844AE6BEEA49EDF6 /* Debug */,
				90A4BD3106EDC2D1EEB11917 /* Release */,
			);
			defaultConfigurationIsVisible = 0;
			defaultConfigurationName = Debug;
		};
/* End XCConfigurationList section */
	};
	rootObject = F9B722C391474AD55EB39B2E /* Project object */;
}
