// !$*UTF8*$!
{
	archiveVersion = 1;
	classes = {
	};
	objectVersion = 77;
	objects = {

/* Begin PBXBuildFile section */
		000CDEB89D978210FC127069 /* CanonicalTrackDomain.swift in Sources */ = {isa = PBXBuildFile; fileRef = D500FFA522E2376979CED6AA /* CanonicalTrackDomain.swift */; };
		02BD03125AEA567B23286D53 /* PulsefieldCore.framework in Frameworks */ = {isa = PBXBuildFile; fileRef = A387EEA1983387E2E36565AD /* PulsefieldCore.framework */; };
		0345859B9F00E739D5B01D5B /* InferenceEndpointWebSocketClient.swift in Sources */ = {isa = PBXBuildFile; fileRef = 1828C7BE7D1353529A44AC64 /* InferenceEndpointWebSocketClient.swift */; };
		05D731648C444F05C9C38616 /* AmbientSyncEngineDiagnostics.swift in Sources */ = {isa = PBXBuildFile; fileRef = E8F918C570A525B811ACF4FC /* AmbientSyncEngineDiagnostics.swift */; };
		06DDCFD6D8C1A39B8B77B06E /* LocalAudioLibraryDatabase.swift in Sources */ = {isa = PBXBuildFile; fileRef = 75A5FB5A3BCAE43E8E2A529C /* LocalAudioLibraryDatabase.swift */; };
		07A450E8EE9DEE0B31550226 /* AmbientSyncDomain.swift in Sources */ = {isa = PBXBuildFile; fileRef = 1174D86E91ECA19D27A820BC /* AmbientSyncDomain.swift */; };
		0BA8176BBA4C75A73494B1F8 /* Mania4KGameplayFeedbackTests.swift in Sources */ = {isa = PBXBuildFile; fileRef = 2FA59F1DABC4409F85E260D7 /* Mania4KGameplayFeedbackTests.swift */; };
		0DEE6E284563F3714E560EC2 /* LocalAudioLibraryIndexer.swift in Sources */ = {isa = PBXBuildFile; fileRef = 5991A36DCA3E62B56FC958F7 /* LocalAudioLibraryIndexer.swift */; };
		0FF20CAC48AE2FCF00D82677 /* AVFoundation.framework in Frameworks */ = {isa = PBXBuildFile; fileRef = 56EB7BD2459DEAB60737DD1E /* AVFoundation.framework */; };
		0FF3A89698A64FC665C1EA12 /* RecognitionArchitecture.swift in Sources */ = {isa = PBXBuildFile; fileRef = CEA92F2BB55484B411AD9D77 /* RecognitionArchitecture.swift */; };
		1215EE4BC8872342795210D3 /* AmbientSyncEngineReadiness.swift in Sources */ = {isa = PBXBuildFile; fileRef = 5CCE59D93C716816898ECA27 /* AmbientSyncEngineReadiness.swift */; };
		1787F44AD3393A1EA967905E /* Mania4KPlaySessionModel.swift in Sources */ = {isa = PBXBuildFile; fileRef = 65931740476AF6B6432DB7FF /* Mania4KPlaySessionModel.swift */; };
		1792D02A16B92E49951811C8 /* AmbientSyncOffsetHistogram.swift in Sources */ = {isa = PBXBuildFile; fileRef = E508A37754B1BA46F8326CE3 /* AmbientSyncOffsetHistogram.swift */; };
		24B5A948743695A047C0AEDE /* PulsefieldMacApp.swift in Sources */ = {isa = PBXBuildFile; fileRef = 571E459554DDE450E8EE1726 /* PulsefieldMacApp.swift */; };
		25F021ED2DE8AB9DAEE5A46E /* LocalResolveDebugView.swift in Sources */ = {isa = PBXBuildFile; fileRef = 474F20DF577B176F3D906B6E /* LocalResolveDebugView.swift */; };
		266E6E61B60E7AE54E6D6CEB /* Mania4KOffsetCalibrationModel.swift in Sources */ = {isa = PBXBuildFile; fileRef = 552F8D0AE49927D0558A9DBC /* Mania4KOffsetCalibrationModel.swift */; };
		29275798E41D9067F443F71B /* AmbientSyncEngineReference.swift in Sources */ = {isa = PBXBuildFile; fileRef = DF50496D18C3AAD786776BE0 /* AmbientSyncEngineReference.swift */; };
		2AD790A5ACB1EFFDA192D181 /* CascadingRecognitionServiceTests.swift in Sources */ = {isa = PBXBuildFile; fileRef = A9C0AFD64ABA7C7C86048235 /* CascadingRecognitionServiceTests.swift */; };
		2B05FC1CF3FF0DC5F76D63D0 /* UnavailableRecognitionProviderClient.swift in Sources */ = {isa = PBXBuildFile; fileRef = 9AD875058E105B569F3F3F40 /* UnavailableRecognitionProviderClient.swift */; };
		2B2DD81F687FAE2980DB05E7 /* AmbientSyncOffsetHistogramTests.swift in Sources */ = {isa = PBXBuildFile; fileRef = FD389549C6F4C934EA3E5197 /* AmbientSyncOffsetHistogramTests.swift */; };
		2D87A22F4C2FF0724BAB02C4 /* PulsefieldCore.framework in Frameworks */ = {isa = PBXBuildFile; fileRef = A387EEA1983387E2E36565AD /* PulsefieldCore.framework */; };
		2FDA8645F7D0651B0F796C44 /* LocalMusicDirectoryStore.swift in Sources */ = {isa = PBXBuildFile; fileRef = 29923F0604586898F5BC337B /* LocalMusicDirectoryStore.swift */; };
		30C064BBD9B8963AABD53194 /* RecognitionDashboardView.swift in Sources */ = {isa = PBXBuildFile; fileRef = 6CA7A26E40728ECEA439A0AA /* RecognitionDashboardView.swift */; };
		31A6BBF55F843FFFBB687B71 /* AmbientMicCaptureTests.swift in Sources */ = {isa = PBXBuildFile; fileRef = 0A2D35858AAF7B1D943363EE /* AmbientMicCaptureTests.swift */; };
		325788A361B9162DEDC0F928 /* AmbientSyncFixtureRecorder.swift in Sources */ = {isa = PBXBuildFile; fileRef = 37A31C8F9E6937A8CA29FAA3 /* AmbientSyncFixtureRecorder.swift */; };
		329BB535F4258BD08E5083C1 /* DebugACRCloudRecognitionProviderTests.swift in Sources */ = {isa = PBXBuildFile; fileRef = EB648D517F669CA6872F7086 /* DebugACRCloudRecognitionProviderTests.swift */; };
		35E05459BA1758B1B7E8477A /* MicFeaturePayloadExtractor.swift in Sources */ = {isa = PBXBuildFile; fileRef = CA0A2F8B94DABCCF88315C57 /* MicFeaturePayloadExtractor.swift */; };
		3833A5B2D65F0A318E2343AE /* Mania4KGameplayFeedback.swift in Sources */ = {isa = PBXBuildFile; fileRef = 16ECC150498EC7130F191895 /* Mania4KGameplayFeedback.swift */; };
		3DFE6B740D0A897B64D2A42C /* LocalTrackResolver.swift in Sources */ = {isa = PBXBuildFile; fileRef = 3D16F8F551D7CDA0B98C48AB /* LocalTrackResolver.swift */; };
		3F1D36EFC2BF0CF0F7EB130B /* SystemAudioCaptureSource.swift in Sources */ = {isa = PBXBuildFile; fileRef = 7BF0A1D410B19C4728AE4349 /* SystemAudioCaptureSource.swift */; };
		3FF7EAFB864A0A01EEB36C3D /* SystemAudioClipCaptureService.swift in Sources */ = {isa = PBXBuildFile; fileRef = F705FE69D426FC405381CC13 /* SystemAudioClipCaptureService.swift */; };
		458CB10F9A8F527DE5A4C8F5 /* LocalAudioDomain.swift in Sources */ = {isa = PBXBuildFile; fileRef = FFC2DA5593A0EF4FCF73F870 /* LocalAudioDomain.swift */; };
		45A98DB9677287374091F460 /* RecognitionAppModelTests.swift in Sources */ = {isa = PBXBuildFile; fileRef = 4A37495C7C03786C6C70AF14 /* RecognitionAppModelTests.swift */; };
		46B8BBAB28C248F523ABCF3F /* AmbientSyncFixtureReplayRunnerTests.swift in Sources */ = {isa = PBXBuildFile; fileRef = FDEDA6AC9C11275546BCEC3D /* AmbientSyncFixtureReplayRunnerTests.swift */; };
		48A3D8B5531B9260CBA06768 /* PulsefieldCore.framework in Embed Frameworks */ = {isa = PBXBuildFile; fileRef = A387EEA1983387E2E36565AD /* PulsefieldCore.framework */; settings = {ATTRIBUTES = (CodeSignOnCopy, RemoveHeadersOnCopy, ); }; };
		49BD393871163EE821A80748 /* BeatmapGenerationService.swift in Sources */ = {isa = PBXBuildFile; fileRef = 728B90249B2A0A72FCD3580B /* BeatmapGenerationService.swift */; };
		4A4458CD96C392CF5341E8AE /* PulsefieldCore.framework in Frameworks */ = {isa = PBXBuildFile; fileRef = A387EEA1983387E2E36565AD /* PulsefieldCore.framework */; };
		4B59F19EC0E3380CE1A99D4E /* UnavailableLiveRecognitionService.swift in Sources */ = {isa = PBXBuildFile; fileRef = C01A60D735C381292553A5F8 /* UnavailableLiveRecognitionService.swift */; };
		4F7E59C7A3F4EAA4DFCA7F58 /* AmbientSyncReferenceIndexBuilder.swift in Sources */ = {isa = PBXBuildFile; fileRef = 1C7010027830EEB3B5B09BC4 /* AmbientSyncReferenceIndexBuilder.swift */; };
		541B5B966FA91A63665495C3 /* AVFoundation.framework in Frameworks */ = {isa = PBXBuildFile; fileRef = 56EB7BD2459DEAB60737DD1E /* AVFoundation.framework */; };
		5C3FAFADD702D6CFFE48A72B /* Mania4KPlaySessionModelTests.swift in Sources */ = {isa = PBXBuildFile; fileRef = 9BAF8E8D435CA620D624CE54 /* Mania4KPlaySessionModelTests.swift */; };
		5DD258EC07B4CCFF39A77D95 /* LiveRecognitionSyncWindow.swift in Sources */ = {isa = PBXBuildFile; fileRef = DB3AB8BC1BBB70660A5FB599 /* LiveRecognitionSyncWindow.swift */; };
		6429F19A1E91047DA472D6B7 /* PulsefieldCore.framework in Embed Frameworks */ = {isa = PBXBuildFile; fileRef = A387EEA1983387E2E36565AD /* PulsefieldCore.framework */; settings = {ATTRIBUTES = (CodeSignOnCopy, RemoveHeadersOnCopy, ); }; };
		64860B379E78038EE6CF9426 /* PulsefieldCore.framework in Embed Frameworks */ = {isa = PBXBuildFile; fileRef = A387EEA1983387E2E36565AD /* PulsefieldCore.framework */; settings = {ATTRIBUTES = (CodeSignOnCopy, RemoveHeadersOnCopy, ); }; };
		64D4C026BA6CA9BC4223E654 /* AmbientSyncEngineLandmarks.swift in Sources */ = {isa = PBXBuildFile; fileRef = 621549848369AB0874642115 /* AmbientSyncEngineLandmarks.swift */; };
		6F7132E6F6A45979C43029C4 /* LocalAudioMetadataExtractor.swift in Sources */ = {isa = PBXBuildFile; fileRef = 426CF1CB599BC7B1BB2CEAE8 /* LocalAudioMetadataExtractor.swift */; };
		6FD2A9A3A03105AE1C5CD6B9 /* AudioClipCaptureService.swift in Sources */ = {isa = PBXBuildFile; fileRef = 9B4C1174D9F3E6865C67129B /* AudioClipCaptureService.swift */; };
		728A04DA71A0DF4C5696005F /* InferenceEndpointWebSocketClientTests.swift in Sources */ = {isa = PBXBuildFile; fileRef = 1DE68EF31E67DA9DAA7378F3 /* InferenceEndpointWebSocketClientTests.swift */; };
		74E7C6C6D5D0F802540C0D5E /* SwiftProtobuf in Frameworks */ = {isa = PBXBuildFile; productRef = 36F46DF43D1CAE1A42C04195 /* SwiftProtobuf */; };
		7752F7EAFF1D57B9A8657190 /* RecognitionServiceProtocol.swift in Sources */ = {isa = PBXBuildFile; fileRef = E522B477DC378F5CF8AB9C4C /* RecognitionServiceProtocol.swift */; };
		7992421E5B9DD804C89F3EC8 /* PulsefieldCore.framework in Frameworks */ = {isa = PBXBuildFile; fileRef = A387EEA1983387E2E36565AD /* PulsefieldCore.framework */; };
		79A78B41EC226018D2E55F11 /* RecognitionDomain.swift in Sources */ = {isa = PBXBuildFile; fileRef = AE86054D09DCC083F246CB0C /* RecognitionDomain.swift */; };
		8C51F3CF07D7D1D3CF174AC7 /* MicFeatureStreamBuffer.swift in Sources */ = {isa = PBXBuildFile; fileRef = D234442CBC0035196DB3E68C /* MicFeatureStreamBuffer.swift */; };
		8D87C1D8530DAC119BF60B00 /* AmbientSyncReferenceIndexBuilderTests.swift in Sources */ = {isa = PBXBuildFile; fileRef = 2B9C3F3A44ABB51B7D053A8E /* AmbientSyncReferenceIndexBuilderTests.swift */; };
		8E3BC3B5DBE5DEB535E3D5D7 /* PulsefieldUI.framework in Embed Frameworks */ = {isa = PBXBuildFile; fileRef = A9C81D865B64C6D256B24F2B /* PulsefieldUI.framework */; settings = {ATTRIBUTES = (CodeSignOnCopy, RemoveHeadersOnCopy, ); }; };
		92E245E5EFD540B91AC38971 /* CascadingRecognitionService.swift in Sources */ = {isa = PBXBuildFile; fileRef = ED4A20CA439FE4F3513DB1A2 /* CascadingRecognitionService.swift */; };
		93DBC35911FB30D2FD45D2A3 /* AmbientSyncEngine.swift in Sources */ = {isa = PBXBuildFile; fileRef = 95F2ADD1DEF8706D09D7D062 /* AmbientSyncEngine.swift */; };
		96727F336BF2101E88CF66B9 /* LocalLibraryDashboardModelTests.swift in Sources */ = {isa = PBXBuildFile; fileRef = 22D44B66A82BA504E482BC78 /* LocalLibraryDashboardModelTests.swift */; };
		9970F5618E7AF56EB7CF104F /* PulsefieldUI.framework in Frameworks */ = {isa = PBXBuildFile; fileRef = A9C81D865B64C6D256B24F2B /* PulsefieldUI.framework */; };
		9D8A7FC07558045972D8C6C1 /* MockRecognitionService.swift in Sources */ = {isa = PBXBuildFile; fileRef = D6AE855CD84CDFD620DA302F /* MockRecognitionService.swift */; };
		9E618892E41288E421193A60 /* PulsefieldCore.framework in Frameworks */ = {isa = PBXBuildFile; fileRef = A387EEA1983387E2E36565AD /* PulsefieldCore.framework */; };
		A1F9D5AADD6F155A28523195 /* AmbientSyncFixtureReplayRunner.swift in Sources */ = {isa = PBXBuildFile; fileRef = 584518F96762CDD860705275 /* AmbientSyncFixtureReplayRunner.swift */; };
		A41F9D98E726F466BAE56A03 /* AmbientSyncEngineConfidence.swift in Sources */ = {isa = PBXBuildFile; fileRef = 3DCF0F7D301319FE2CEB99F3 /* AmbientSyncEngineConfidence.swift */; };
		A4AC1E68D0C2CF1A7357F537 /* Mania4KOffsetCalibrationModelTests.swift in Sources */ = {isa = PBXBuildFile; fileRef = E245947146687B15D9DEC7BF /* Mania4KOffsetCalibrationModelTests.swift */; };
		A4C0C039BABC46277245ABBF /* PulsefieldiOSApp.swift in Sources */ = {isa = PBXBuildFile; fileRef = BEFC56F5F1D0A58C6ED5BD3A /* PulsefieldiOSApp.swift */; };
		A605FACD749F17FE6650A34B /* DebugACRCloudRecognitionProvider.swift in Sources */ = {isa = PBXBuildFile; fileRef = 5149F3075F1D7BEC3BED6F9D /* DebugACRCloudRecognitionProvider.swift */; };
		A69AB3F80026333BA4C66521 /* LiveRecognitionSyncModelTests.swift in Sources */ = {isa = PBXBuildFile; fileRef = FA2FFCC68E129EAFC9665A1B /* LiveRecognitionSyncModelTests.swift */; };
		AADF3FC7C3908A46B10E1605 /* AmbientSyncReferenceIndexBinaryCacheCodec.swift in Sources */ = {isa = PBXBuildFile; fileRef = 95016FBD95CC37729305B4B1 /* AmbientSyncReferenceIndexBinaryCacheCodec.swift */; };
		B52D37B2057B4ACE3D7D0F31 /* MicFeatureStreamBufferTests.swift in Sources */ = {isa = PBXBuildFile; fileRef = 15115A0AE08C960A360BA635 /* MicFeatureStreamBufferTests.swift */; };
		B63661A777E0A09EB4173E29 /* MicFeaturePayloadExtractorTests.swift in Sources */ = {isa = PBXBuildFile; fileRef = 958D0935A473AE291732561D /* MicFeaturePayloadExtractorTests.swift */; };
		BB04DF61AB24DA410A01CDE5 /* Mania4KDomain.swift in Sources */ = {isa = PBXBuildFile; fileRef = 45ECE8CA145AF5FCACE46022 /* Mania4KDomain.swift */; };
		BC90CBD65B6F79DAED872B3C /* AmbientSyncFixtureRecorderView.swift in Sources */ = {isa = PBXBuildFile; fileRef = D2D67BC7541E757C08F1424A /* AmbientSyncFixtureRecorderView.swift */; };
		BD468746F52CA58E04FF9274 /* LocalLibraryDashboardView.swift in Sources */ = {isa = PBXBuildFile; fileRef = 99AB30263F01EF9180745EB6 /* LocalLibraryDashboardView.swift */; };
		BDDF99E1182F9FACB65B03C9 /* LocalTrackResolverTests.swift in Sources */ = {isa = PBXBuildFile; fileRef = EE665E134535975B24A1E332 /* LocalTrackResolverTests.swift */; };
		C2DC4CA9490680BF832B1AA0 /* PulsefieldUI.framework in Frameworks */ = {isa = PBXBuildFile; fileRef = A9C81D865B64C6D256B24F2B /* PulsefieldUI.framework */; };
		C45C58B04CB3C3A882270F98 /* ACRCloudDebugCLI.swift in Sources */ = {isa = PBXBuildFile; fileRef = B5C6A5077F9EC9C94C8D6C15 /* ACRCloudDebugCLI.swift */; };
		C671200022C61AA08BDBE9F3 /* SystemAudioFeatureStreamService.swift in Sources */ = {isa = PBXBuildFile; fileRef = FA693A231B1FBF3AA8AB748B /* SystemAudioFeatureStreamService.swift */; };
		C7242914A9F7E1B45C77B347 /* AmbientSyncEngineTests.swift in Sources */ = {isa = PBXBuildFile; fileRef = 38420A49669BF125346BB2B5 /* AmbientSyncEngineTests.swift */; };
		CB7D87478FF3F706E7CDF5E4 /* Mania4KNoteRenderLayoutTests.swift in Sources */ = {isa = PBXBuildFile; fileRef = 81CE9B56AE5FDD881A5C4C60 /* Mania4KNoteRenderLayoutTests.swift */; };
		CF0CF9B20DF566614EDED287 /* PulsefieldUI.framework in Frameworks */ = {isa = PBXBuildFile; fileRef = A9C81D865B64C6D256B24F2B /* PulsefieldUI.framework */; };
		D294F231300A83B5A026CE26 /* AmbientSyncOffsetTracker.swift in Sources */ = {isa = PBXBuildFile; fileRef = 323DAE9135C600CD9EF24DE1 /* AmbientSyncOffsetTracker.swift */; };
		D341F844440FAB984B185C59 /* PulsefieldUI.framework in Embed Frameworks */ = {isa = PBXBuildFile; fileRef = A9C81D865B64C6D256B24F2B /* PulsefieldUI.framework */; settings = {ATTRIBUTES = (CodeSignOnCopy, RemoveHeadersOnCopy, ); }; };
		D37C3CFDB6F6C43406BB124F /* PulsefieldProtocol in Frameworks */ = {isa = PBXBuildFile; productRef = 860E3AAC20F0688599E7F678 /* PulsefieldProtocol */; };
		D3A932DF8385FDF6983710EB /* RecognitionAppModel.swift in Sources */ = {isa = PBXBuildFile; fileRef = 5ECCDB69F561441CFB7369B2 /* RecognitionAppModel.swift */; };
		D46F277B68C8F973A3FE9529 /* AVFoundation.framework in Frameworks */ = {isa = PBXBuildFile; fileRef = 56EB7BD2459DEAB60737DD1E /* AVFoundation.framework */; };
		DB02F5130C3C9A526C48CED9 /* PreviewFixtures.swift in Sources */ = {isa = PBXBuildFile; fileRef = 78ACE1CB799708B529D40F93 /* PreviewFixtures.swift */; };
		DC2CEBCC4E3084B91325878D /* PulsefieldUI.framework in Embed Frameworks */ = {isa = PBXBuildFile; fileRef = A9C81D865B64C6D256B24F2B /* PulsefieldUI.framework */; settings = {ATTRIBUTES = (CodeSignOnCopy, RemoveHeadersOnCopy, ); }; };
		DDA020C2C77C3D38F434521F /* LocalAudioLibraryIndexerTests.swift in Sources */ = {isa = PBXBuildFile; fileRef = B2E5A4D715D8CFE3E004CF00 /* LocalAudioLibraryIndexerTests.swift */; };
		DFDBFA0A9F8E07469B62D950 /* PulsefieldWorkbenchView.swift in Sources */ = {isa = PBXBuildFile; fileRef = 11BD89B20D37F8DEF32673CD /* PulsefieldWorkbenchView.swift */; };
		E2A8570789AC186771AAE508 /* BeatmapDomain.swift in Sources */ = {isa = PBXBuildFile; fileRef = 40490916DA33124F9DB0B512 /* BeatmapDomain.swift */; };
		E4E2ED099F13B073600BDD8A /* PulsefieldProtocol in Frameworks */ = {isa = PBXBuildFile; productRef = 9D5477406907760227461C35 /* PulsefieldProtocol */; };
		E868221122BB1E37F6FA51E8 /* calibration_tick.wav in Resources */ = {isa = PBXBuildFile; fileRef = AC82D9AA876D1FD18FF786A2 /* calibration_tick.wav */; };
		ECF3037BA07A3E150C8E6870 /* AmbientSyncEngineGates.swift in Sources */ = {isa = PBXBuildFile; fileRef = 32340577D99A930BA703401F /* AmbientSyncEngineGates.swift */; };
		ED55AA5CA54DA406092935A9 /* AmbientSyncEngineConfiguration.swift in Sources */ = {isa = PBXBuildFile; fileRef = 95E034F27EE1AA8DF4AE9375 /* AmbientSyncEngineConfiguration.swift */; };
		F2F48A924A1EAB0FAD61F5F7 /* AmbientSyncEngineTracking.swift in Sources */ = {isa = PBXBuildFile; fileRef = 69CB4A9B6FE3AD7BFFCB8D72 /* AmbientSyncEngineTracking.swift */; };
		F409134DAC2C9F08DFD3C7E1 /* Accelerate.framework in Frameworks */ = {isa = PBXBuildFile; fileRef = 520996930B6E85E2375D8CC4 /* Accelerate.framework */; };
		F8D61884214728535A45ECF5 /* AmbientMicFeatureStreamService.swift in Sources */ = {isa = PBXBuildFile; fileRef = BC7F35314F8729D151EB7084 /* AmbientMicFeatureStreamService.swift */; };
		FC9C0773A8A231E694B89EB7 /* Mania4KPlayExperienceView.swift in Sources */ = {isa = PBXBuildFile; fileRef = 0B7F34B30233C62EE4CA2746 /* Mania4KPlayExperienceView.swift */; };
		FCC100D6A0B140451439956B /* MicrophonePermissionService.swift in Sources */ = {isa = PBXBuildFile; fileRef = F45F8208B52EF6BC2629EBDD /* MicrophonePermissionService.swift */; };
/* End PBXBuildFile section */

/* Begin PBXContainerItemProxy section */
		157FBE54CD8A7AE99BF7070E /* PBXContainerItemProxy */ = {
			isa = PBXContainerItemProxy;
			containerPortal = F9B722C391474AD55EB39B2E /* Project object */;
			proxyType = 1;
			remoteGlobalIDString = 400FC4CCC71B995495E6FB73;
			remoteInfo = PulsefieldUI;
		};
		15C67BFF039DDADEE5292E4D /* PBXContainerItemProxy */ = {
			isa = PBXContainerItemProxy;
			containerPortal = F9B722C391474AD55EB39B2E /* Project object */;
			proxyType = 1;
			remoteGlobalIDString = 400FC4CCC71B995495E6FB73;
			remoteInfo = PulsefieldUI;
		};
		4A03822B90A54EA2184732F4 /* PBXContainerItemProxy */ = {
			isa = PBXContainerItemProxy;
			containerPortal = F9B722C391474AD55EB39B2E /* Project object */;
			proxyType = 1;
			remoteGlobalIDString = ED46F20630734EA83BA6607D;
			remoteInfo = PulsefieldCore;
		};
		58F4227889385C1FDD9FB658 /* PBXContainerItemProxy */ = {
			isa = PBXContainerItemProxy;
			containerPortal = F9B722C391474AD55EB39B2E /* Project object */;
			proxyType = 1;
			remoteGlobalIDString = ED46F20630734EA83BA6607D;
			remoteInfo = PulsefieldCore;
		};
		A1A4977885FF8B284B98102F /* PBXContainerItemProxy */ = {
			isa = PBXContainerItemProxy;
			containerPortal = F9B722C391474AD55EB39B2E /* Project object */;
			proxyType = 1;
			remoteGlobalIDString = ED46F20630734EA83BA6607D;
			remoteInfo = PulsefieldCore;
		};
		AC8AFEBB7BC3C8C54125ED77 /* PBXContainerItemProxy */ = {
			isa = PBXContainerItemProxy;
			containerPortal = F9B722C391474AD55EB39B2E /* Project object */;
			proxyType = 1;
			remoteGlobalIDString = 400FC4CCC71B995495E6FB73;
			remoteInfo = PulsefieldUI;
		};
		E6FDF5B13B0789665F57AB94 /* PBXContainerItemProxy */ = {
			isa = PBXContainerItemProxy;
			containerPortal = F9B722C391474AD55EB39B2E /* Project object */;
			proxyType = 1;
			remoteGlobalIDString = ED46F20630734EA83BA6607D;
			remoteInfo = PulsefieldCore;
		};
		FEC0FDA9899E5555E752C80B /* PBXContainerItemProxy */ = {
			isa = PBXContainerItemProxy;
			containerPortal = F9B722C391474AD55EB39B2E /* Project object */;
			proxyType = 1;
			remoteGlobalIDString = ED46F20630734EA83BA6607D;
			remoteInfo = PulsefieldCore;
		};
/* End PBXContainerItemProxy section */

/* Begin PBXCopyFilesBuildPhase section */
		2E837931135F327BBAD0F0F2 /* Embed Frameworks */ = {
			isa = PBXCopyFilesBuildPhase;
			buildActionMask = 2147483647;
			dstPath = "";
			dstSubfolderSpec = 10;
			files = (
				48A3D8B5531B9260CBA06768 /* PulsefieldCore.framework in Embed Frameworks */,
				DC2CEBCC4E3084B91325878D /* PulsefieldUI.framework in Embed Frameworks */,
			);
			name = "Embed Frameworks";
			runOnlyForDeploymentPostprocessing = 0;
		};
		A69BD475FCA2C223E6B86398 /* Embed Frameworks */ = {
			isa = PBXCopyFilesBuildPhase;
			buildActionMask = 2147483647;
			dstPath = "";
			dstSubfolderSpec = 10;
			files = (
				6429F19A1E91047DA472D6B7 /* PulsefieldCore.framework in Embed Frameworks */,
				8E3BC3B5DBE5DEB535E3D5D7 /* PulsefieldUI.framework in Embed Frameworks */,
			);
			name = "Embed Frameworks";
			runOnlyForDeploymentPostprocessing = 0;
		};
		C3D2CEDFDD467B19C8A3147D /* Embed Frameworks */ = {
			isa = PBXCopyFilesBuildPhase;
			buildActionMask = 2147483647;
			dstPath = "";
			dstSubfolderSpec = 10;
			files = (
				64860B379E78038EE6CF9426 /* PulsefieldCore.framework in Embed Frameworks */,
				D341F844440FAB984B185C59 /* PulsefieldUI.framework in Embed Frameworks */,
			);
			name = "Embed Frameworks";
			runOnlyForDeploymentPostprocessing = 0;
		};
/* End PBXCopyFilesBuildPhase section */

/* Begin PBXFileReference section */
		0A2D35858AAF7B1D943363EE /* AmbientMicCaptureTests.swift */ = {isa = PBXFileReference; lastKnownFileType = sourcecode.swift; path = AmbientMicCaptureTests.swift; sourceTree = "<group>"; };
		0B7F34B30233C62EE4CA2746 /* Mania4KPlayExperienceView.swift */ = {isa = PBXFileReference; lastKnownFileType = sourcecode.swift; path = Mania4KPlayExperienceView.swift; sourceTree = "<group>"; };
		1174D86E91ECA19D27A820BC /* AmbientSyncDomain.swift */ = {isa = PBXFileReference; lastKnownFileType = sourcecode.swift; path = AmbientSyncDomain.swift; sourceTree = "<group>"; };
		11BD89B20D37F8DEF32673CD /* PulsefieldWorkbenchView.swift */ = {isa = PBXFileReference; lastKnownFileType = sourcecode.swift; path = PulsefieldWorkbenchView.swift; sourceTree = "<group>"; };
		134D91BEAB23321AE335188F /* ambient-sync-engine-design-spec.md */ = {isa = PBXFileReference; lastKnownFileType = net.daringfireball.markdown; path = "ambient-sync-engine-design-spec.md"; sourceTree = "<group>"; };
		13621072D594A7CD021F2B13 /* README.md */ = {isa = PBXFileReference; lastKnownFileType = net.daringfireball.markdown; path = README.md; sourceTree = "<group>"; };
		15115A0AE08C960A360BA635 /* MicFeatureStreamBufferTests.swift */ = {isa = PBXFileReference; lastKnownFileType = sourcecode.swift; path = MicFeatureStreamBufferTests.swift; sourceTree = "<group>"; };
		1566D4A2453B11FD004842DC /* mania-4k-play-experience-design.md */ = {isa = PBXFileReference; lastKnownFileType = net.daringfireball.markdown; path = "mania-4k-play-experience-design.md"; sourceTree = "<group>"; };
		16ECC150498EC7130F191895 /* Mania4KGameplayFeedback.swift */ = {isa = PBXFileReference; lastKnownFileType = sourcecode.swift; path = Mania4KGameplayFeedback.swift; sourceTree = "<group>"; };
		17DCB31FB4118757EAD79704 /* PulsefieldCoreTests.xctest */ = {isa = PBXFileReference; includeInIndex = 0; lastKnownFileType = wrapper.cfbundle; path = PulsefieldCoreTests.xctest; sourceTree = BUILT_PRODUCTS_DIR; };
		1828C7BE7D1353529A44AC64 /* InferenceEndpointWebSocketClient.swift */ = {isa = PBXFileReference; lastKnownFileType = sourcecode.swift; path = InferenceEndpointWebSocketClient.swift; sourceTree = "<group>"; };
		1839C9D03AECACBE9D7880E8 /* ambient-sync-engine-stage-plan.md */ = {isa = PBXFileReference; lastKnownFileType = net.daringfireball.markdown; path = "ambient-sync-engine-stage-plan.md"; sourceTree = "<group>"; };
		1C7010027830EEB3B5B09BC4 /* AmbientSyncReferenceIndexBuilder.swift */ = {isa = PBXFileReference; lastKnownFileType = sourcecode.swift; path = AmbientSyncReferenceIndexBuilder.swift; sourceTree = "<group>"; };
		1DE68EF31E67DA9DAA7378F3 /* InferenceEndpointWebSocketClientTests.swift */ = {isa = PBXFileReference; lastKnownFileType = sourcecode.swift; path = InferenceEndpointWebSocketClientTests.swift; sourceTree = "<group>"; };
		1E39D534C5F78E05B1D6A45E /* ambient-sync-current-status-and-goals.md */ = {isa = PBXFileReference; lastKnownFileType = net.daringfireball.markdown; path = "ambient-sync-current-status-and-goals.md"; sourceTree = "<group>"; };
		1ED00D85508FC1CAA511109B /* LICENSE */ = {isa = PBXFileReference; path = LICENSE; sourceTree = "<group>"; };
		22D44B66A82BA504E482BC78 /* LocalLibraryDashboardModelTests.swift */ = {isa = PBXFileReference; lastKnownFileType = sourcecode.swift; path = LocalLibraryDashboardModelTests.swift; sourceTree = "<group>"; };
		279883F0FED22764769D789B /* swiftui-guidelines.md */ = {isa = PBXFileReference; lastKnownFileType = net.daringfireball.markdown; path = "swiftui-guidelines.md"; sourceTree = "<group>"; };
		29923F0604586898F5BC337B /* LocalMusicDirectoryStore.swift */ = {isa = PBXFileReference; lastKnownFileType = sourcecode.swift; path = LocalMusicDirectoryStore.swift; sourceTree = "<group>"; };
		29B6C98909AAEFF35D9B16F1 /* recognition-architecture.md */ = {isa = PBXFileReference; lastKnownFileType = net.daringfireball.markdown; path = "recognition-architecture.md"; sourceTree = "<group>"; };
		2B9C3F3A44ABB51B7D053A8E /* AmbientSyncReferenceIndexBuilderTests.swift */ = {isa = PBXFileReference; lastKnownFileType = sourcecode.swift; path = AmbientSyncReferenceIndexBuilderTests.swift; sourceTree = "<group>"; };
		2FA59F1DABC4409F85E260D7 /* Mania4KGameplayFeedbackTests.swift */ = {isa = PBXFileReference; lastKnownFileType = sourcecode.swift; path = Mania4KGameplayFeedbackTests.swift; sourceTree = "<group>"; };
		3173DDC419C0938E1D24C676 /* PulsefieldACRCloudDebugCLI */ = {isa = PBXFileReference; includeInIndex = 0; path = PulsefieldACRCloudDebugCLI; sourceTree = BUILT_PRODUCTS_DIR; };
		32340577D99A930BA703401F /* AmbientSyncEngineGates.swift */ = {isa = PBXFileReference; lastKnownFileType = sourcecode.swift; path = AmbientSyncEngineGates.swift; sourceTree = "<group>"; };
		323DAE9135C600CD9EF24DE1 /* AmbientSyncOffsetTracker.swift */ = {isa = PBXFileReference; lastKnownFileType = sourcecode.swift; path = AmbientSyncOffsetTracker.swift; sourceTree = "<group>"; };
		333E4D546E88B031812D5CE9 /* mania-4k-ui-scene-research-plan.md */ = {isa = PBXFileReference; lastKnownFileType = net.daringfireball.markdown; path = "mania-4k-ui-scene-research-plan.md"; sourceTree = "<group>"; };
		37A31C8F9E6937A8CA29FAA3 /* AmbientSyncFixtureRecorder.swift */ = {isa = PBXFileReference; lastKnownFileType = sourcecode.swift; path = AmbientSyncFixtureRecorder.swift; sourceTree = "<group>"; };
		38420A49669BF125346BB2B5 /* AmbientSyncEngineTests.swift */ = {isa = PBXFileReference; lastKnownFileType = sourcecode.swift; path = AmbientSyncEngineTests.swift; sourceTree = "<group>"; };
		3D16F8F551D7CDA0B98C48AB /* LocalTrackResolver.swift */ = {isa = PBXFileReference; lastKnownFileType = sourcecode.swift; path = LocalTrackResolver.swift; sourceTree = "<group>"; };
		3DCF0F7D301319FE2CEB99F3 /* AmbientSyncEngineConfidence.swift */ = {isa = PBXFileReference; lastKnownFileType = sourcecode.swift; path = AmbientSyncEngineConfidence.swift; sourceTree = "<group>"; };
		40490916DA33124F9DB0B512 /* BeatmapDomain.swift */ = {isa = PBXFileReference; lastKnownFileType = sourcecode.swift; path = BeatmapDomain.swift; sourceTree = "<group>"; };
		426CF1CB599BC7B1BB2CEAE8 /* LocalAudioMetadataExtractor.swift */ = {isa = PBXFileReference; lastKnownFileType = sourcecode.swift; path = LocalAudioMetadataExtractor.swift; sourceTree = "<group>"; };
		45ECE8CA145AF5FCACE46022 /* Mania4KDomain.swift */ = {isa = PBXFileReference; lastKnownFileType = sourcecode.swift; path = Mania4KDomain.swift; sourceTree = "<group>"; };
		474F20DF577B176F3D906B6E /* LocalResolveDebugView.swift */ = {isa = PBXFileReference; lastKnownFileType = sourcecode.swift; path = LocalResolveDebugView.swift; sourceTree = "<group>"; };
		4A37495C7C03786C6C70AF14 /* RecognitionAppModelTests.swift */ = {isa = PBXFileReference; lastKnownFileType = sourcecode.swift; path = RecognitionAppModelTests.swift; sourceTree = "<group>"; };
		5149F3075F1D7BEC3BED6F9D /* DebugACRCloudRecognitionProvider.swift */ = {isa = PBXFileReference; lastKnownFileType = sourcecode.swift; path = DebugACRCloudRecognitionProvider.swift; sourceTree = "<group>"; };
		520996930B6E85E2375D8CC4 /* Accelerate.framework */ = {isa = PBXFileReference; lastKnownFileType = wrapper.framework; name = Accelerate.framework; path = System/Library/Frameworks/Accelerate.framework; sourceTree = SDKROOT; };
		552F8D0AE49927D0558A9DBC /* Mania4KOffsetCalibrationModel.swift */ = {isa = PBXFileReference; lastKnownFileType = sourcecode.swift; path = Mania4KOffsetCalibrationModel.swift; sourceTree = "<group>"; };
		56EB7BD2459DEAB60737DD1E /* AVFoundation.framework */ = {isa = PBXFileReference; lastKnownFileType = wrapper.framework; name = AVFoundation.framework; path = System/Library/Frameworks/AVFoundation.framework; sourceTree = SDKROOT; };
		571E459554DDE450E8EE1726 /* PulsefieldMacApp.swift */ = {isa = PBXFileReference; lastKnownFileType = sourcecode.swift; path = PulsefieldMacApp.swift; sourceTree = "<group>"; };
		584518F96762CDD860705275 /* AmbientSyncFixtureReplayRunner.swift */ = {isa = PBXFileReference; lastKnownFileType = sourcecode.swift; path = AmbientSyncFixtureReplayRunner.swift; sourceTree = "<group>"; };
		5991A36DCA3E62B56FC958F7 /* LocalAudioLibraryIndexer.swift */ = {isa = PBXFileReference; lastKnownFileType = sourcecode.swift; path = LocalAudioLibraryIndexer.swift; sourceTree = "<group>"; };
		5CCE59D93C716816898ECA27 /* AmbientSyncEngineReadiness.swift */ = {isa = PBXFileReference; lastKnownFileType = sourcecode.swift; path = AmbientSyncEngineReadiness.swift; sourceTree = "<group>"; };
		5ECCDB69F561441CFB7369B2 /* RecognitionAppModel.swift */ = {isa = PBXFileReference; lastKnownFileType = sourcecode.swift; path = RecognitionAppModel.swift; sourceTree = "<group>"; };
		621549848369AB0874642115 /* AmbientSyncEngineLandmarks.swift */ = {isa = PBXFileReference; lastKnownFileType = sourcecode.swift; path = AmbientSyncEngineLandmarks.swift; sourceTree = "<group>"; };
		6549DBD3F9F54465CDB658A5 /* AGENTS.md */ = {isa = PBXFileReference; lastKnownFileType = net.daringfireball.markdown; path = AGENTS.md; sourceTree = "<group>"; };
		65931740476AF6B6432DB7FF /* Mania4KPlaySessionModel.swift */ = {isa = PBXFileReference; lastKnownFileType = sourcecode.swift; path = Mania4KPlaySessionModel.swift; sourceTree = "<group>"; };
		69CB4A9B6FE3AD7BFFCB8D72 /* AmbientSyncEngineTracking.swift */ = {isa = PBXFileReference; lastKnownFileType = sourcecode.swift; path = AmbientSyncEngineTracking.swift; sourceTree = "<group>"; };
		6A5DC9D386B2ECD255849946 /* PulsefieldiOS.app */ = {isa = PBXFileReference; includeInIndex = 0; lastKnownFileType = wrapper.application; path = PulsefieldiOS.app; sourceTree = BUILT_PRODUCTS_DIR; };
		6B4CA62A806BECBE6B1254F2 /* pulsefield-protocol */ = {isa = PBXFileReference; lastKnownFileType = folder; name = "pulsefield-protocol"; path = "../pulsefield-protocol"; sourceTree = SOURCE_ROOT; };
		6CA7A26E40728ECEA439A0AA /* RecognitionDashboardView.swift */ = {isa = PBXFileReference; lastKnownFileType = sourcecode.swift; path = RecognitionDashboardView.swift; sourceTree = "<group>"; };
		6F9387C5804051FD90CC2C18 /* known-track-ambient-sync-multi-stage-matching-spec.md */ = {isa = PBXFileReference; lastKnownFileType = net.daringfireball.markdown; path = "known-track-ambient-sync-multi-stage-matching-spec.md"; sourceTree = "<group>"; };
		728B90249B2A0A72FCD3580B /* BeatmapGenerationService.swift */ = {isa = PBXFileReference; lastKnownFileType = sourcecode.swift; path = BeatmapGenerationService.swift; sourceTree = "<group>"; };
		73B35F8D96050AB0DFD88478 /* local-music-matching-current-diagnostics.md */ = {isa = PBXFileReference; lastKnownFileType = net.daringfireball.markdown; path = "local-music-matching-current-diagnostics.md"; sourceTree = "<group>"; };
		75A5FB5A3BCAE43E8E2A529C /* LocalAudioLibraryDatabase.swift */ = {isa = PBXFileReference; lastKnownFileType = sourcecode.swift; path = LocalAudioLibraryDatabase.swift; sourceTree = "<group>"; };
		78ACE1CB799708B529D40F93 /* PreviewFixtures.swift */ = {isa = PBXFileReference; lastKnownFileType = sourcecode.swift; path = PreviewFixtures.swift; sourceTree = "<group>"; };
		7BF0A1D410B19C4728AE4349 /* SystemAudioCaptureSource.swift */ = {isa = PBXFileReference; lastKnownFileType = sourcecode.swift; path = SystemAudioCaptureSource.swift; sourceTree = "<group>"; };
		81CE9B56AE5FDD881A5C4C60 /* Mania4KNoteRenderLayoutTests.swift */ = {isa = PBXFileReference; lastKnownFileType = sourcecode.swift; path = Mania4KNoteRenderLayoutTests.swift; sourceTree = "<group>"; };
		95016FBD95CC37729305B4B1 /* AmbientSyncReferenceIndexBinaryCacheCodec.swift */ = {isa = PBXFileReference; lastKnownFileType = sourcecode.swift; path = AmbientSyncReferenceIndexBinaryCacheCodec.swift; sourceTree = "<group>"; };
		958D0935A473AE291732561D /* MicFeaturePayloadExtractorTests.swift */ = {isa = PBXFileReference; lastKnownFileType = sourcecode.swift; path = MicFeaturePayloadExtractorTests.swift; sourceTree = "<group>"; };
		95E034F27EE1AA8DF4AE9375 /* AmbientSyncEngineConfiguration.swift */ = {isa = PBXFileReference; lastKnownFileType = sourcecode.swift; path = AmbientSyncEngineConfiguration.swift; sourceTree = "<group>"; };
		95F2ADD1DEF8706D09D7D062 /* AmbientSyncEngine.swift */ = {isa = PBXFileReference; lastKnownFileType = sourcecode.swift; path = AmbientSyncEngine.swift; sourceTree = "<group>"; };
		99AB30263F01EF9180745EB6 /* LocalLibraryDashboardView.swift */ = {isa = PBXFileReference; lastKnownFileType = sourcecode.swift; path = LocalLibraryDashboardView.swift; sourceTree = "<group>"; };
		9AD875058E105B569F3F3F40 /* UnavailableRecognitionProviderClient.swift */ = {isa = PBXFileReference; lastKnownFileType = sourcecode.swift; path = UnavailableRecognitionProviderClient.swift; sourceTree = "<group>"; };
		9B4C1174D9F3E6865C67129B /* AudioClipCaptureService.swift */ = {isa = PBXFileReference; lastKnownFileType = sourcecode.swift; path = AudioClipCaptureService.swift; sourceTree = "<group>"; };
		9BAF8E8D435CA620D624CE54 /* Mania4KPlaySessionModelTests.swift */ = {isa = PBXFileReference; lastKnownFileType = sourcecode.swift; path = Mania4KPlaySessionModelTests.swift; sourceTree = "<group>"; };
		A32E38369E61ADB5DB38FCA3 /* mania-4k-gameplay-visual-feedback-spec.md */ = {isa = PBXFileReference; lastKnownFileType = net.daringfireball.markdown; path = "mania-4k-gameplay-visual-feedback-spec.md"; sourceTree = "<group>"; };
		A387EEA1983387E2E36565AD /* PulsefieldCore.framework */ = {isa = PBXFileReference; explicitFileType = wrapper.framework; includeInIndex = 0; path = PulsefieldCore.framework; sourceTree = BUILT_PRODUCTS_DIR; };
		A965E3EAFC5B81B62C56142A /* byo-music-recognition-ambient-matching-spec.md */ = {isa = PBXFileReference; lastKnownFileType = net.daringfireball.markdown; path = "byo-music-recognition-ambient-matching-spec.md"; sourceTree = "<group>"; };
		A9C0AFD64ABA7C7C86048235 /* CascadingRecognitionServiceTests.swift */ = {isa = PBXFileReference; lastKnownFileType = sourcecode.swift; path = CascadingRecognitionServiceTests.swift; sourceTree = "<group>"; };
		A9C81D865B64C6D256B24F2B /* PulsefieldUI.framework */ = {isa = PBXFileReference; explicitFileType = wrapper.framework; includeInIndex = 0; path = PulsefieldUI.framework; sourceTree = BUILT_PRODUCTS_DIR; };
		ABB4A7B3D34FA7A4C3FF6455 /* mania-4k-core-gameplay-contracts.md */ = {isa = PBXFileReference; lastKnownFileType = net.daringfireball.markdown; path = "mania-4k-core-gameplay-contracts.md"; sourceTree = "<group>"; };
		AC82D9AA876D1FD18FF786A2 /* calibration_tick.wav */ = {isa = PBXFileReference; lastKnownFileType = audio.wav; path = calibration_tick.wav; sourceTree = "<group>"; };
		AE86054D09DCC083F246CB0C /* RecognitionDomain.swift */ = {isa = PBXFileReference; lastKnownFileType = sourcecode.swift; path = RecognitionDomain.swift; sourceTree = "<group>"; };
		B2E5A4D715D8CFE3E004CF00 /* LocalAudioLibraryIndexerTests.swift */ = {isa = PBXFileReference; lastKnownFileType = sourcecode.swift; path = LocalAudioLibraryIndexerTests.swift; sourceTree = "<group>"; };
		B5C6A5077F9EC9C94C8D6C15 /* ACRCloudDebugCLI.swift */ = {isa = PBXFileReference; lastKnownFileType = sourcecode.swift; path = ACRCloudDebugCLI.swift; sourceTree = "<group>"; };
		B81A87963031612ECD437EB9 /* mania-4k-judgement-engine-spec.md */ = {isa = PBXFileReference; lastKnownFileType = net.daringfireball.markdown; path = "mania-4k-judgement-engine-spec.md"; sourceTree = "<group>"; };
		B9566A07B9B06F55AF2ABF97 /* ambient-sync-cold-index-and-live-lock-status.md */ = {isa = PBXFileReference; lastKnownFileType = net.daringfireball.markdown; path = "ambient-sync-cold-index-and-live-lock-status.md"; sourceTree = "<group>"; };
		BC7F35314F8729D151EB7084 /* AmbientMicFeatureStreamService.swift */ = {isa = PBXFileReference; lastKnownFileType = sourcecode.swift; path = AmbientMicFeatureStreamService.swift; sourceTree = "<group>"; };
		BEFC56F5F1D0A58C6ED5BD3A /* PulsefieldiOSApp.swift */ = {isa = PBXFileReference; lastKnownFileType = sourcecode.swift; path = PulsefieldiOSApp.swift; sourceTree = "<group>"; };
		C01A60D735C381292553A5F8 /* UnavailableLiveRecognitionService.swift */ = {isa = PBXFileReference; lastKnownFileType = sourcecode.swift; path = UnavailableLiveRecognitionService.swift; sourceTree = "<group>"; };
		CA0A2F8B94DABCCF88315C57 /* MicFeaturePayloadExtractor.swift */ = {isa = PBXFileReference; lastKnownFileType = sourcecode.swift; path = MicFeaturePayloadExtractor.swift; sourceTree = "<group>"; };
		CEA92F2BB55484B411AD9D77 /* RecognitionArchitecture.swift */ = {isa = PBXFileReference; lastKnownFileType = sourcecode.swift; path = RecognitionArchitecture.swift; sourceTree = "<group>"; };
		D234442CBC0035196DB3E68C /* MicFeatureStreamBuffer.swift */ = {isa = PBXFileReference; lastKnownFileType = sourcecode.swift; path = MicFeatureStreamBuffer.swift; sourceTree = "<group>"; };
		D2D67BC7541E757C08F1424A /* AmbientSyncFixtureRecorderView.swift */ = {isa = PBXFileReference; lastKnownFileType = sourcecode.swift; path = AmbientSyncFixtureRecorderView.swift; sourceTree = "<group>"; };
		D500FFA522E2376979CED6AA /* CanonicalTrackDomain.swift */ = {isa = PBXFileReference; lastKnownFileType = sourcecode.swift; path = CanonicalTrackDomain.swift; sourceTree = "<group>"; };
		D6AE855CD84CDFD620DA302F /* MockRecognitionService.swift */ = {isa = PBXFileReference; lastKnownFileType = sourcecode.swift; path = MockRecognitionService.swift; sourceTree = "<group>"; };
		DB3AB8BC1BBB70660A5FB599 /* LiveRecognitionSyncWindow.swift */ = {isa = PBXFileReference; lastKnownFileType = sourcecode.swift; path = LiveRecognitionSyncWindow.swift; sourceTree = "<group>"; };
		DE56D18134B978F718E2A3DC /* Info.plist */ = {isa = PBXFileReference; lastKnownFileType = text.plist; path = Info.plist; sourceTree = "<group>"; };
		DF50496D18C3AAD786776BE0 /* AmbientSyncEngineReference.swift */ = {isa = PBXFileReference; lastKnownFileType = sourcecode.swift; path = AmbientSyncEngineReference.swift; sourceTree = "<group>"; };
		E245947146687B15D9DEC7BF /* Mania4KOffsetCalibrationModelTests.swift */ = {isa = PBXFileReference; lastKnownFileType = sourcecode.swift; path = Mania4KOffsetCalibrationModelTests.swift; sourceTree = "<group>"; };
		E508A37754B1BA46F8326CE3 /* AmbientSyncOffsetHistogram.swift */ = {isa = PBXFileReference; lastKnownFileType = sourcecode.swift; path = AmbientSyncOffsetHistogram.swift; sourceTree = "<group>"; };
		E522B477DC378F5CF8AB9C4C /* RecognitionServiceProtocol.swift */ = {isa = PBXFileReference; lastKnownFileType = sourcecode.swift; path = RecognitionServiceProtocol.swift; sourceTree = "<group>"; };
		E8F918C570A525B811ACF4FC /* AmbientSyncEngineDiagnostics.swift */ = {isa = PBXFileReference; lastKnownFileType = sourcecode.swift; path = AmbientSyncEngineDiagnostics.swift; sourceTree = "<group>"; };
		EA77344F0B3C83B64A838B19 /* mania-4k-gameplay-visual-feedback-plan.md */ = {isa = PBXFileReference; lastKnownFileType = net.daringfireball.markdown; path = "mania-4k-gameplay-visual-feedback-plan.md"; sourceTree = "<group>"; };
		EB648D517F669CA6872F7086 /* DebugACRCloudRecognitionProviderTests.swift */ = {isa = PBXFileReference; lastKnownFileType = sourcecode.swift; path = DebugACRCloudRecognitionProviderTests.swift; sourceTree = "<group>"; };
		EB7AFC1792774B07CAF50615 /* PulsefieldMac.app */ = {isa = PBXFileReference; includeInIndex = 0; lastKnownFileType = wrapper.application; path = PulsefieldMac.app; sourceTree = BUILT_PRODUCTS_DIR; };
		ED4A20CA439FE4F3513DB1A2 /* CascadingRecognitionService.swift */ = {isa = PBXFileReference; lastKnownFileType = sourcecode.swift; path = CascadingRecognitionService.swift; sourceTree = "<group>"; };
		EE665E134535975B24A1E332 /* LocalTrackResolverTests.swift */ = {isa = PBXFileReference; lastKnownFileType = sourcecode.swift; path = LocalTrackResolverTests.swift; sourceTree = "<group>"; };
		F45F8208B52EF6BC2629EBDD /* MicrophonePermissionService.swift */ = {isa = PBXFileReference; lastKnownFileType = sourcecode.swift; path = MicrophonePermissionService.swift; sourceTree = "<group>"; };
		F705FE69D426FC405381CC13 /* SystemAudioClipCaptureService.swift */ = {isa = PBXFileReference; lastKnownFileType = sourcecode.swift; path = SystemAudioClipCaptureService.swift; sourceTree = "<group>"; };
		F9DD7295C58E266CD8B5F1EC /* real-path-recognition-ambient-sync-scene-design.md */ = {isa = PBXFileReference; lastKnownFileType = net.daringfireball.markdown; path = "real-path-recognition-ambient-sync-scene-design.md"; sourceTree = "<group>"; };
		FA2FFCC68E129EAFC9665A1B /* LiveRecognitionSyncModelTests.swift */ = {isa = PBXFileReference; lastKnownFileType = sourcecode.swift; path = LiveRecognitionSyncModelTests.swift; sourceTree = "<group>"; };
		FA693A231B1FBF3AA8AB748B /* SystemAudioFeatureStreamService.swift */ = {isa = PBXFileReference; lastKnownFileType = sourcecode.swift; path = SystemAudioFeatureStreamService.swift; sourceTree = "<group>"; };
		FD389549C6F4C934EA3E5197 /* AmbientSyncOffsetHistogramTests.swift */ = {isa = PBXFileReference; lastKnownFileType = sourcecode.swift; path = AmbientSyncOffsetHistogramTests.swift; sourceTree = "<group>"; };
		FDEDA6AC9C11275546BCEC3D /* AmbientSyncFixtureReplayRunnerTests.swift */ = {isa = PBXFileReference; lastKnownFileType = sourcecode.swift; path = AmbientSyncFixtureReplayRunnerTests.swift; sourceTree = "<group>"; };
		FE2945ECBC93B59DE91AC331 /* ambient-sync-fixture-audit-report.md */ = {isa = PBXFileReference; lastKnownFileType = net.daringfireball.markdown; path = "ambient-sync-fixture-audit-report.md"; sourceTree = "<group>"; };
		FFC2DA5593A0EF4FCF73F870 /* LocalAudioDomain.swift */ = {isa = PBXFileReference; lastKnownFileType = sourcecode.swift; path = LocalAudioDomain.swift; sourceTree = "<group>"; };
/* End PBXFileReference section */

/* Begin PBXFrameworksBuildPhase section */
		1A79BFCE7ADA34A1F3CF00A1 /* Frameworks */ = {
			isa = PBXFrameworksBuildPhase;
			buildActionMask = 2147483647;
			files = (
				02BD03125AEA567B23286D53 /* PulsefieldCore.framework in Frameworks */,
				CF0CF9B20DF566614EDED287 /* PulsefieldUI.framework in Frameworks */,
				D37C3CFDB6F6C43406BB124F /* PulsefieldProtocol in Frameworks */,
			);
			runOnlyForDeploymentPostprocessing = 0;
		};
		1E82682C64F4A20E159E832A /* Frameworks */ = {
			isa = PBXFrameworksBuildPhase;
			buildActionMask = 2147483647;
			files = (
				9E618892E41288E421193A60 /* PulsefieldCore.framework in Frameworks */,
				9970F5618E7AF56EB7CF104F /* PulsefieldUI.framework in Frameworks */,
			);
			runOnlyForDeploymentPostprocessing = 0;
		};
		22334F0AC0A2876BEE261A9B /* Frameworks */ = {
			isa = PBXFrameworksBuildPhase;
			buildActionMask = 2147483647;
			files = (
				2D87A22F4C2FF0724BAB02C4 /* PulsefieldCore.framework in Frameworks */,
				C2DC4CA9490680BF832B1AA0 /* PulsefieldUI.framework in Frameworks */,
			);
			runOnlyForDeploymentPostprocessing = 0;
		};
		86943A54738F6F636A073A92 /* Frameworks */ = {
			isa = PBXFrameworksBuildPhase;
			buildActionMask = 2147483647;
			files = (
				4A4458CD96C392CF5341E8AE /* PulsefieldCore.framework in Frameworks */,
				541B5B966FA91A63665495C3 /* AVFoundation.framework in Frameworks */,
			);
			runOnlyForDeploymentPostprocessing = 0;
		};
		CF2599EC66054B0A859650AC /* Frameworks */ = {
			isa = PBXFrameworksBuildPhase;
			buildActionMask = 2147483647;
			files = (
				D46F277B68C8F973A3FE9529 /* AVFoundation.framework in Frameworks */,
				F409134DAC2C9F08DFD3C7E1 /* Accelerate.framework in Frameworks */,
				E4E2ED099F13B073600BDD8A /* PulsefieldProtocol in Frameworks */,
				74E7C6C6D5D0F802540C0D5E /* SwiftProtobuf in Frameworks */,
			);
			runOnlyForDeploymentPostprocessing = 0;
		};
		E3DB934FC93E0632270D617C /* Frameworks */ = {
			isa = PBXFrameworksBuildPhase;
			buildActionMask = 2147483647;
			files = (
				7992421E5B9DD804C89F3EC8 /* PulsefieldCore.framework in Frameworks */,
				0FF20CAC48AE2FCF00D82677 /* AVFoundation.framework in Frameworks */,
			);
			runOnlyForDeploymentPostprocessing = 0;
		};
/* End PBXFrameworksBuildPhase section */

/* Begin PBXGroup section */
		0836D9C79BB52C1F5F0AD1BA /* docs */ = {
			isa = PBXGroup;
			children = (
				66C8330F5D9315B7523A49AF /* design */,
				756B0500E9717B688FC88E29 /* execution-plan */,
			);
			path = docs;
			sourceTree = "<group>";
		};
		09CA27BD788901A1486A596B /* Mania4K */ = {
			isa = PBXGroup;
			children = (
				0B7F34B30233C62EE4CA2746 /* Mania4KPlayExperienceView.swift */,
			);
			path = Mania4K;
			sourceTree = "<group>";
		};
		0ADA427D0279624FD7001F4E /* Mania4K */ = {
			isa = PBXGroup;
			children = (
				16ECC150498EC7130F191895 /* Mania4KGameplayFeedback.swift */,
				552F8D0AE49927D0558A9DBC /* Mania4KOffsetCalibrationModel.swift */,
				65931740476AF6B6432DB7FF /* Mania4KPlaySessionModel.swift */,
			);
			path = Mania4K;
			sourceTree = "<group>";
		};
		1D472204F12C62EEB1A0E71D /* Recognition */ = {
			isa = PBXGroup;
			children = (
				ED4A20CA439FE4F3513DB1A2 /* CascadingRecognitionService.swift */,
				D6AE855CD84CDFD620DA302F /* MockRecognitionService.swift */,
				E522B477DC378F5CF8AB9C4C /* RecognitionServiceProtocol.swift */,
				C01A60D735C381292553A5F8 /* UnavailableLiveRecognitionService.swift */,
				9AD875058E105B569F3F3F40 /* UnavailableRecognitionProviderClient.swift */,
				D56B1C6B4D1A4A8C4ED41312 /* Live */,
			);
			path = Recognition;
			sourceTree = "<group>";
		};
		2521CD7E1A584CF50397037E /* Audio */ = {
			isa = PBXGroup;
			children = (
				AC82D9AA876D1FD18FF786A2 /* calibration_tick.wav */,
			);
			path = Audio;
			sourceTree = "<group>";
		};
		28F7FF2DE7BB92A62ABE0429 /* Permissions */ = {
			isa = PBXGroup;
			children = (
				F45F8208B52EF6BC2629EBDD /* MicrophonePermissionService.swift */,
			);
			path = Permissions;
			sourceTree = "<group>";
		};
		3467BAE7E553589AB7891349 /* Apps */ = {
			isa = PBXGroup;
			children = (
				54D8F85A021581F36CC2B4EC /* PulsefieldiOS */,
				A477F690D1B4A5D6A1D2554B /* PulsefieldMac */,
			);
			path = Apps;
			sourceTree = "<group>";
		};
		370FCB315435AD674B60CFF2 /* ACRCloudDebugCLI */ = {
			isa = PBXGroup;
			children = (
				B5C6A5077F9EC9C94C8D6C15 /* ACRCloudDebugCLI.swift */,
			);
			path = ACRCloudDebugCLI;
			sourceTree = "<group>";
		};
		3BEF728EC9AF14CF503B65AD /* PulsefieldUI */ = {
			isa = PBXGroup;
			children = (
				6CFFEF2E1C9051E902945F6C /* Features */,
				7C774CA20E14903A6646B561 /* Resources */,
			);
			path = PulsefieldUI;
			sourceTree = "<group>";
		};
		3D7D427117265907596493ED /* Beatmap */ = {
			isa = PBXGroup;
			children = (
				728B90249B2A0A72FCD3580B /* BeatmapGenerationService.swift */,
				1828C7BE7D1353529A44AC64 /* InferenceEndpointWebSocketClient.swift */,
			);
			path = Beatmap;
			sourceTree = "<group>";
		};
		460BB65525FC11160CBD5979 /* AmbientSync */ = {
			isa = PBXGroup;
			children = (
				BC7F35314F8729D151EB7084 /* AmbientMicFeatureStreamService.swift */,
				95F2ADD1DEF8706D09D7D062 /* AmbientSyncEngine.swift */,
				3DCF0F7D301319FE2CEB99F3 /* AmbientSyncEngineConfidence.swift */,
				95E034F27EE1AA8DF4AE9375 /* AmbientSyncEngineConfiguration.swift */,
				E8F918C570A525B811ACF4FC /* AmbientSyncEngineDiagnostics.swift */,
				32340577D99A930BA703401F /* AmbientSyncEngineGates.swift */,
				621549848369AB0874642115 /* AmbientSyncEngineLandmarks.swift */,
				5CCE59D93C716816898ECA27 /* AmbientSyncEngineReadiness.swift */,
				DF50496D18C3AAD786776BE0 /* AmbientSyncEngineReference.swift */,
				69CB4A9B6FE3AD7BFFCB8D72 /* AmbientSyncEngineTracking.swift */,
				37A31C8F9E6937A8CA29FAA3 /* AmbientSyncFixtureRecorder.swift */,
				584518F96762CDD860705275 /* AmbientSyncFixtureReplayRunner.swift */,
				E508A37754B1BA46F8326CE3 /* AmbientSyncOffsetHistogram.swift */,
				323DAE9135C600CD9EF24DE1 /* AmbientSyncOffsetTracker.swift */,
				95016FBD95CC37729305B4B1 /* AmbientSyncReferenceIndexBinaryCacheCodec.swift */,
				1C7010027830EEB3B5B09BC4 /* AmbientSyncReferenceIndexBuilder.swift */,
				CA0A2F8B94DABCCF88315C57 /* MicFeaturePayloadExtractor.swift */,
				D234442CBC0035196DB3E68C /* MicFeatureStreamBuffer.swift */,
				7BF0A1D410B19C4728AE4349 /* SystemAudioCaptureSource.swift */,
				FA693A231B1FBF3AA8AB748B /* SystemAudioFeatureStreamService.swift */,
			);
			path = AmbientSync;
			sourceTree = "<group>";
		};
		54D8F85A021581F36CC2B4EC /* PulsefieldiOS */ = {
			isa = PBXGroup;
			children = (
				BEFC56F5F1D0A58C6ED5BD3A /* PulsefieldiOSApp.swift */,
			);
			path = PulsefieldiOS;
			sourceTree = "<group>";
		};
		5A25F763B47C30D8730EBB14 = {
			isa = PBXGroup;
			children = (
				6549DBD3F9F54465CDB658A5 /* AGENTS.md */,
				1ED00D85508FC1CAA511109B /* LICENSE */,
				13621072D594A7CD021F2B13 /* README.md */,
				3467BAE7E553589AB7891349 /* Apps */,
				0836D9C79BB52C1F5F0AD1BA /* docs */,
				BCEEDEE1AC3F95B396C91104 /* Packages */,
				8531547808AB3132D551D011 /* Sources */,
				FDD1267957FCCE37D053068C /* Tests */,
				8FB32A6A5E7D01FB98D281B6 /* Tools */,
				5A7DF3A0D35EC3422DBA0737 /* Frameworks */,
				996234DD38B53E20B19FD62A /* Products */,
			);
			sourceTree = "<group>";
		};
		5A7DF3A0D35EC3422DBA0737 /* Frameworks */ = {
			isa = PBXGroup;
			children = (
				520996930B6E85E2375D8CC4 /* Accelerate.framework */,
				56EB7BD2459DEAB60737DD1E /* AVFoundation.framework */,
			);
			name = Frameworks;
			sourceTree = "<group>";
		};
		66C8330F5D9315B7523A49AF /* design */ = {
			isa = PBXGroup;
			children = (
				B9566A07B9B06F55AF2ABF97 /* ambient-sync-cold-index-and-live-lock-status.md */,
				1E39D534C5F78E05B1D6A45E /* ambient-sync-current-status-and-goals.md */,
				134D91BEAB23321AE335188F /* ambient-sync-engine-design-spec.md */,
				FE2945ECBC93B59DE91AC331 /* ambient-sync-fixture-audit-report.md */,
				A965E3EAFC5B81B62C56142A /* byo-music-recognition-ambient-matching-spec.md */,
				6F9387C5804051FD90CC2C18 /* known-track-ambient-sync-multi-stage-matching-spec.md */,
				73B35F8D96050AB0DFD88478 /* local-music-matching-current-diagnostics.md */,
				ABB4A7B3D34FA7A4C3FF6455 /* mania-4k-core-gameplay-contracts.md */,
				A32E38369E61ADB5DB38FCA3 /* mania-4k-gameplay-visual-feedback-spec.md */,
				B81A87963031612ECD437EB9 /* mania-4k-judgement-engine-spec.md */,
				1566D4A2453B11FD004842DC /* mania-4k-play-experience-design.md */,
				F9DD7295C58E266CD8B5F1EC /* real-path-recognition-ambient-sync-scene-design.md */,
				29B6C98909AAEFF35D9B16F1 /* recognition-architecture.md */,
				279883F0FED22764769D789B /* swiftui-guidelines.md */,
			);
			path = design;
			sourceTree = "<group>";
		};
		6CFFEF2E1C9051E902945F6C /* Features */ = {
			isa = PBXGroup;
			children = (
				B781923653E37312C86A981A /* LocalLibrary */,
				09CA27BD788901A1486A596B /* Mania4K */,
				9856F28F595C97EEE192D7EF /* Recognition */,
				9501C967077FDB54B37984E5 /* Workbench */,
			);
			path = Features;
			sourceTree = "<group>";
		};
		70F14B3A6C3F27005D113EB5 /* PulsefieldCoreTests */ = {
			isa = PBXGroup;
			children = (
				0A2D35858AAF7B1D943363EE /* AmbientMicCaptureTests.swift */,
				38420A49669BF125346BB2B5 /* AmbientSyncEngineTests.swift */,
				FDEDA6AC9C11275546BCEC3D /* AmbientSyncFixtureReplayRunnerTests.swift */,
				FD389549C6F4C934EA3E5197 /* AmbientSyncOffsetHistogramTests.swift */,
				2B9C3F3A44ABB51B7D053A8E /* AmbientSyncReferenceIndexBuilderTests.swift */,
				A9C0AFD64ABA7C7C86048235 /* CascadingRecognitionServiceTests.swift */,
				EB648D517F669CA6872F7086 /* DebugACRCloudRecognitionProviderTests.swift */,
				1DE68EF31E67DA9DAA7378F3 /* InferenceEndpointWebSocketClientTests.swift */,
				FA2FFCC68E129EAFC9665A1B /* LiveRecognitionSyncModelTests.swift */,
				B2E5A4D715D8CFE3E004CF00 /* LocalAudioLibraryIndexerTests.swift */,
				22D44B66A82BA504E482BC78 /* LocalLibraryDashboardModelTests.swift */,
				EE665E134535975B24A1E332 /* LocalTrackResolverTests.swift */,
				2FA59F1DABC4409F85E260D7 /* Mania4KGameplayFeedbackTests.swift */,
				81CE9B56AE5FDD881A5C4C60 /* Mania4KNoteRenderLayoutTests.swift */,
				E245947146687B15D9DEC7BF /* Mania4KOffsetCalibrationModelTests.swift */,
				9BAF8E8D435CA620D624CE54 /* Mania4KPlaySessionModelTests.swift */,
				958D0935A473AE291732561D /* MicFeaturePayloadExtractorTests.swift */,
				15115A0AE08C960A360BA635 /* MicFeatureStreamBufferTests.swift */,
				4A37495C7C03786C6C70AF14 /* RecognitionAppModelTests.swift */,
			);
			path = PulsefieldCoreTests;
			sourceTree = "<group>";
		};
		756B0500E9717B688FC88E29 /* execution-plan */ = {
			isa = PBXGroup;
			children = (
				1839C9D03AECACBE9D7880E8 /* ambient-sync-engine-stage-plan.md */,
				EA77344F0B3C83B64A838B19 /* mania-4k-gameplay-visual-feedback-plan.md */,
				333E4D546E88B031812D5CE9 /* mania-4k-ui-scene-research-plan.md */,
			);
			path = "execution-plan";
			sourceTree = "<group>";
		};
		7C774CA20E14903A6646B561 /* Resources */ = {
			isa = PBXGroup;
			children = (
				2521CD7E1A584CF50397037E /* Audio */,
			);
			path = Resources;
			sourceTree = "<group>";
		};
		7FE808F445236597A26B831B /* LocalLibrary */ = {
			isa = PBXGroup;
			children = (
				75A5FB5A3BCAE43E8E2A529C /* LocalAudioLibraryDatabase.swift */,
				5991A36DCA3E62B56FC958F7 /* LocalAudioLibraryIndexer.swift */,
				426CF1CB599BC7B1BB2CEAE8 /* LocalAudioMetadataExtractor.swift */,
				29923F0604586898F5BC337B /* LocalMusicDirectoryStore.swift */,
				3D16F8F551D7CDA0B98C48AB /* LocalTrackResolver.swift */,
			);
			path = LocalLibrary;
			sourceTree = "<group>";
		};
		83234DA22C958E2413A6EACA /* Recognition */ = {
			isa = PBXGroup;
			children = (
				5ECCDB69F561441CFB7369B2 /* RecognitionAppModel.swift */,
			);
			path = Recognition;
			sourceTree = "<group>";
		};
		8531547808AB3132D551D011 /* Sources */ = {
			isa = PBXGroup;
			children = (
				E883E0B129D3970E0690A2FE /* PulsefieldCore */,
				3BEF728EC9AF14CF503B65AD /* PulsefieldUI */,
			);
			path = Sources;
			sourceTree = "<group>";
		};
		8FB32A6A5E7D01FB98D281B6 /* Tools */ = {
			isa = PBXGroup;
			children = (
				370FCB315435AD674B60CFF2 /* ACRCloudDebugCLI */,
			);
			path = Tools;
			sourceTree = "<group>";
		};
		90B5ECB7826DB43DCCBB5377 /* Features */ = {
			isa = PBXGroup;
			children = (
				0ADA427D0279624FD7001F4E /* Mania4K */,
				83234DA22C958E2413A6EACA /* Recognition */,
			);
			path = Features;
			sourceTree = "<group>";
		};
		9501C967077FDB54B37984E5 /* Workbench */ = {
			isa = PBXGroup;
			children = (
				11BD89B20D37F8DEF32673CD /* PulsefieldWorkbenchView.swift */,
			);
			path = Workbench;
			sourceTree = "<group>";
		};
		9856F28F595C97EEE192D7EF /* Recognition */ = {
			isa = PBXGroup;
			children = (
				DB3AB8BC1BBB70660A5FB599 /* LiveRecognitionSyncWindow.swift */,
				6CA7A26E40728ECEA439A0AA /* RecognitionDashboardView.swift */,
			);
			path = Recognition;
			sourceTree = "<group>";
		};
		996234DD38B53E20B19FD62A /* Products */ = {
			isa = PBXGroup;
			children = (
				3173DDC419C0938E1D24C676 /* PulsefieldACRCloudDebugCLI */,
				A387EEA1983387E2E36565AD /* PulsefieldCore.framework */,
				17DCB31FB4118757EAD79704 /* PulsefieldCoreTests.xctest */,
				6A5DC9D386B2ECD255849946 /* PulsefieldiOS.app */,
				EB7AFC1792774B07CAF50615 /* PulsefieldMac.app */,
				A9C81D865B64C6D256B24F2B /* PulsefieldUI.framework */,
			);
			name = Products;
			sourceTree = "<group>";
		};
		A477F690D1B4A5D6A1D2554B /* PulsefieldMac */ = {
			isa = PBXGroup;
			children = (
				DE56D18134B978F718E2A3DC /* Info.plist */,
				571E459554DDE450E8EE1726 /* PulsefieldMacApp.swift */,
			);
			path = PulsefieldMac;
			sourceTree = "<group>";
		};
		B781923653E37312C86A981A /* LocalLibrary */ = {
			isa = PBXGroup;
			children = (
				D2D67BC7541E757C08F1424A /* AmbientSyncFixtureRecorderView.swift */,
				99AB30263F01EF9180745EB6 /* LocalLibraryDashboardView.swift */,
				474F20DF577B176F3D906B6E /* LocalResolveDebugView.swift */,
			);
			path = LocalLibrary;
			sourceTree = "<group>";
		};
		BCEEDEE1AC3F95B396C91104 /* Packages */ = {
			isa = PBXGroup;
			children = (
				6B4CA62A806BECBE6B1254F2 /* pulsefield-protocol */,
			);
			name = Packages;
			sourceTree = "<group>";
		};
		C257E42A6DDD088636F2F66F /* Services */ = {
			isa = PBXGroup;
			children = (
				460BB65525FC11160CBD5979 /* AmbientSync */,
				3D7D427117265907596493ED /* Beatmap */,
				7FE808F445236597A26B831B /* LocalLibrary */,
				28F7FF2DE7BB92A62ABE0429 /* Permissions */,
				1D472204F12C62EEB1A0E71D /* Recognition */,
			);
			path = Services;
			sourceTree = "<group>";
		};
		D56B1C6B4D1A4A8C4ED41312 /* Live */ = {
			isa = PBXGroup;
			children = (
				9B4C1174D9F3E6865C67129B /* AudioClipCaptureService.swift */,
				5149F3075F1D7BEC3BED6F9D /* DebugACRCloudRecognitionProvider.swift */,
				F705FE69D426FC405381CC13 /* SystemAudioClipCaptureService.swift */,
			);
			path = Live;
			sourceTree = "<group>";
		};
		E883E0B129D3970E0690A2FE /* PulsefieldCore */ = {
			isa = PBXGroup;
			children = (
				F6107D7E1803E9CBD19ACA2E /* Domain */,
				90B5ECB7826DB43DCCBB5377 /* Features */,
				C257E42A6DDD088636F2F66F /* Services */,
			);
			path = PulsefieldCore;
			sourceTree = "<group>";
		};
		F6107D7E1803E9CBD19ACA2E /* Domain */ = {
			isa = PBXGroup;
			children = (
				1174D86E91ECA19D27A820BC /* AmbientSyncDomain.swift */,
				40490916DA33124F9DB0B512 /* BeatmapDomain.swift */,
				D500FFA522E2376979CED6AA /* CanonicalTrackDomain.swift */,
				FFC2DA5593A0EF4FCF73F870 /* LocalAudioDomain.swift */,
				45ECE8CA145AF5FCACE46022 /* Mania4KDomain.swift */,
				78ACE1CB799708B529D40F93 /* PreviewFixtures.swift */,
				CEA92F2BB55484B411AD9D77 /* RecognitionArchitecture.swift */,
				AE86054D09DCC083F246CB0C /* RecognitionDomain.swift */,
			);
			path = Domain;
			sourceTree = "<group>";
		};
		FDD1267957FCCE37D053068C /* Tests */ = {
			isa = PBXGroup;
			children = (
				70F14B3A6C3F27005D113EB5 /* PulsefieldCoreTests */,
			);
			path = Tests;
			sourceTree = "<group>";
		};
/* End PBXGroup section */

/* Begin PBXNativeTarget section */
		0CC12B3E30EBEFF66D15DD49 /* PulsefieldCoreTests */ = {
			isa = PBXNativeTarget;
			buildConfigurationList = FBE8E274776345283A4DA9DB /* Build configuration list for PBXNativeTarget "PulsefieldCoreTests" */;
			buildPhases = (
				607AE61E0D64B8DAC37A7D4E /* Sources */,
				1A79BFCE7ADA34A1F3CF00A1 /* Frameworks */,
				2E837931135F327BBAD0F0F2 /* Embed Frameworks */,
			);
			buildRules = (
			);
			dependencies = (
				4E210BF95BD44D5633084C54 /* PBXTargetDependency */,
				0DD179B7C435C710894D409D /* PBXTargetDependency */,
			);
			name = PulsefieldCoreTests;
			packageProductDependencies = (
				860E3AAC20F0688599E7F678 /* PulsefieldProtocol */,
			);
			productName = PulsefieldCoreTests;
			productReference = 17DCB31FB4118757EAD79704 /* PulsefieldCoreTests.xctest */;
			productType = "com.apple.product-type.bundle.unit-test";
		};
		400FC4CCC71B995495E6FB73 /* PulsefieldUI */ = {
			isa = PBXNativeTarget;
			buildConfigurationList = 7E045B63F757C81065EF2227 /* Build configuration list for PBXNativeTarget "PulsefieldUI" */;
			buildPhases = (
				BC2DF5C9E762136D749BC7C8 /* Sources */,
				D1CB036EC880D62406D1E9B1 /* Resources */,
				86943A54738F6F636A073A92 /* Frameworks */,
			);
			buildRules = (
			);
			dependencies = (
				0C21A6DF44FD9E30121A554A /* PBXTargetDependency */,
			);
			name = PulsefieldUI;
			packageProductDependencies = (
			);
			productName = PulsefieldUI;
			productReference = A9C81D865B64C6D256B24F2B /* PulsefieldUI.framework */;
			productType = "com.apple.product-type.framework";
		};
		80A6CE1E8D536A3AF42AFE00 /* PulsefieldMac */ = {
			isa = PBXNativeTarget;
			buildConfigurationList = B8AF1018367428F77BDEB263 /* Build configuration list for PBXNativeTarget "PulsefieldMac" */;
			buildPhases = (
				5C70F12E66B6EC9CFFAE3817 /* Sources */,
				22334F0AC0A2876BEE261A9B /* Frameworks */,
				C3D2CEDFDD467B19C8A3147D /* Embed Frameworks */,
			);
			buildRules = (
			);
			dependencies = (
				408D17582B9149ABA62D6FE2 /* PBXTargetDependency */,
				6467414F68EE2E79D03FCBE1 /* PBXTargetDependency */,
			);
			name = PulsefieldMac;
			packageProductDependencies = (
			);
			productName = PulsefieldMac;
			productReference = EB7AFC1792774B07CAF50615 /* PulsefieldMac.app */;
			productType = "com.apple.product-type.application";
		};
		C6216F9238290FC4E63A1E93 /* PulsefieldiOS */ = {
			isa = PBXNativeTarget;
			buildConfigurationList = AEBCBEC66CC092B7E1BD0793 /* Build configuration list for PBXNativeTarget "PulsefieldiOS" */;
			buildPhases = (
				F703F48D5C7DE889E107CA84 /* Sources */,
				1E82682C64F4A20E159E832A /* Frameworks */,
				A69BD475FCA2C223E6B86398 /* Embed Frameworks */,
			);
			buildRules = (
			);
			dependencies = (
				FD2025CAC60D7A2989A346B0 /* PBXTargetDependency */,
				1B41F87DFD7A338E6F7A8BE5 /* PBXTargetDependency */,
			);
			name = PulsefieldiOS;
			packageProductDependencies = (
			);
			productName = PulsefieldiOS;
			productReference = 6A5DC9D386B2ECD255849946 /* PulsefieldiOS.app */;
			productType = "com.apple.product-type.application";
		};
		ED46F20630734EA83BA6607D /* PulsefieldCore */ = {
			isa = PBXNativeTarget;
			buildConfigurationList = 8628596D952745E7858C995A /* Build configuration list for PBXNativeTarget "PulsefieldCore" */;
			buildPhases = (
				FAC9BF46436F9973979F911C /* Sources */,
				CF2599EC66054B0A859650AC /* Frameworks */,
			);
			buildRules = (
			);
			dependencies = (
			);
			name = PulsefieldCore;
			packageProductDependencies = (
				9D5477406907760227461C35 /* PulsefieldProtocol */,
				36F46DF43D1CAE1A42C04195 /* SwiftProtobuf */,
			);
			productName = PulsefieldCore;
			productReference = A387EEA1983387E2E36565AD /* PulsefieldCore.framework */;
			productType = "com.apple.product-type.framework";
		};
		F73F61822C07B4C6D3023F63 /* PulsefieldACRCloudDebugCLI */ = {
			isa = PBXNativeTarget;
			buildConfigurationList = AADB55DA3DA92927BF86ED07 /* Build configuration list for PBXNativeTarget "PulsefieldACRCloudDebugCLI" */;
			buildPhases = (
				43E7D78B5384B9D039291AAE /* Sources */,
				E3DB934FC93E0632270D617C /* Frameworks */,
			);
			buildRules = (
			);
			dependencies = (
				2A233E731432D96EA7DAAD61 /* PBXTargetDependency */,
			);
			name = PulsefieldACRCloudDebugCLI;
			packageProductDependencies = (
			);
			productName = PulsefieldACRCloudDebugCLI;
			productReference = 3173DDC419C0938E1D24C676 /* PulsefieldACRCloudDebugCLI */;
			productType = "com.apple.product-type.tool";
		};
/* End PBXNativeTarget section */

/* Begin PBXProject section */
		F9B722C391474AD55EB39B2E /* Project object */ = {
			isa = PBXProject;
			attributes = {
				BuildIndependentTargetsInParallel = YES;
				LastUpgradeCheck = 1430;
				TargetAttributes = {
					0CC12B3E30EBEFF66D15DD49 = {
						ProvisioningStyle = Automatic;
					};
					400FC4CCC71B995495E6FB73 = {
						ProvisioningStyle = Automatic;
					};
					80A6CE1E8D536A3AF42AFE00 = {
						ProvisioningStyle = Automatic;
					};
					C6216F9238290FC4E63A1E93 = {
						ProvisioningStyle = Automatic;
					};
					ED46F20630734EA83BA6607D = {
						ProvisioningStyle = Automatic;
					};
					F73F61822C07B4C6D3023F63 = {
						ProvisioningStyle = Automatic;
					};
				};
			};
			buildConfigurationList = BACD41B0B560D9A848CF294E /* Build configuration list for PBXProject "Pulsefield" */;
			developmentRegion = en;
			hasScannedForEncodings = 0;
			knownRegions = (
				Base,
				en,
			);
			mainGroup = 5A25F763B47C30D8730EBB14;
			minimizedProjectReferenceProxies = 1;
			packageReferences = (
				9A2BD4E80D33B3C2DD4C037C /* XCRemoteSwiftPackageReference "swift-protobuf" */,
				DB521252FA3D58D77014C44A /* XCLocalSwiftPackageReference "../pulsefield-protocol" */,
			);
			preferredProjectObjectVersion = 77;
			productRefGroup = 996234DD38B53E20B19FD62A /* Products */;
			projectDirPath = "";
			projectRoot = "";
			targets = (
				F73F61822C07B4C6D3023F63 /* PulsefieldACRCloudDebugCLI */,
				ED46F20630734EA83BA6607D /* PulsefieldCore */,
				0CC12B3E30EBEFF66D15DD49 /* PulsefieldCoreTests */,
				80A6CE1E8D536A3AF42AFE00 /* PulsefieldMac */,
				400FC4CCC71B995495E6FB73 /* PulsefieldUI */,
				C6216F9238290FC4E63A1E93 /* PulsefieldiOS */,
			);
		};
/* End PBXProject section */

/* Begin PBXResourcesBuildPhase section */
		D1CB036EC880D62406D1E9B1 /* Resources */ = {
			isa = PBXResourcesBuildPhase;
			buildActionMask = 2147483647;
			files = (
				E868221122BB1E37F6FA51E8 /* calibration_tick.wav in Resources */,
			);
			runOnlyForDeploymentPostprocessing = 0;
		};
/* End PBXResourcesBuildPhase section */

/* Begin PBXSourcesBuildPhase section */
		43E7D78B5384B9D039291AAE /* Sources */ = {
			isa = PBXSourcesBuildPhase;
			buildActionMask = 2147483647;
			files = (
				C45C58B04CB3C3A882270F98 /* ACRCloudDebugCLI.swift in Sources */,
			);
			runOnlyForDeploymentPostprocessing = 0;
		};
		5C70F12E66B6EC9CFFAE3817 /* Sources */ = {
			isa = PBXSourcesBuildPhase;
			buildActionMask = 2147483647;
			files = (
				24B5A948743695A047C0AEDE /* PulsefieldMacApp.swift in Sources */,
			);
			runOnlyForDeploymentPostprocessing = 0;
		};
		607AE61E0D64B8DAC37A7D4E /* Sources */ = {
			isa = PBXSourcesBuildPhase;
			buildActionMask = 2147483647;
			files = (
				31A6BBF55F843FFFBB687B71 /* AmbientMicCaptureTests.swift in Sources */,
				C7242914A9F7E1B45C77B347 /* AmbientSyncEngineTests.swift in Sources */,
				46B8BBAB28C248F523ABCF3F /* AmbientSyncFixtureReplayRunnerTests.swift in Sources */,
				2B2DD81F687FAE2980DB05E7 /* AmbientSyncOffsetHistogramTests.swift in Sources */,
				8D87C1D8530DAC119BF60B00 /* AmbientSyncReferenceIndexBuilderTests.swift in Sources */,
				2AD790A5ACB1EFFDA192D181 /* CascadingRecognitionServiceTests.swift in Sources */,
				329BB535F4258BD08E5083C1 /* DebugACRCloudRecognitionProviderTests.swift in Sources */,
				728A04DA71A0DF4C5696005F /* InferenceEndpointWebSocketClientTests.swift in Sources */,
				A69AB3F80026333BA4C66521 /* LiveRecognitionSyncModelTests.swift in Sources */,
				DDA020C2C77C3D38F434521F /* LocalAudioLibraryIndexerTests.swift in Sources */,
				96727F336BF2101E88CF66B9 /* LocalLibraryDashboardModelTests.swift in Sources */,
				BDDF99E1182F9FACB65B03C9 /* LocalTrackResolverTests.swift in Sources */,
				0BA8176BBA4C75A73494B1F8 /* Mania4KGameplayFeedbackTests.swift in Sources */,
				CB7D87478FF3F706E7CDF5E4 /* Mania4KNoteRenderLayoutTests.swift in Sources */,
				A4AC1E68D0C2CF1A7357F537 /* Mania4KOffsetCalibrationModelTests.swift in Sources */,
				5C3FAFADD702D6CFFE48A72B /* Mania4KPlaySessionModelTests.swift in Sources */,
				B63661A777E0A09EB4173E29 /* MicFeaturePayloadExtractorTests.swift in Sources */,
				B52D37B2057B4ACE3D7D0F31 /* MicFeatureStreamBufferTests.swift in Sources */,
				45A98DB9677287374091F460 /* RecognitionAppModelTests.swift in Sources */,
			);
			runOnlyForDeploymentPostprocessing = 0;
		};
		BC2DF5C9E762136D749BC7C8 /* Sources */ = {
			isa = PBXSourcesBuildPhase;
			buildActionMask = 2147483647;
			files = (
				BC90CBD65B6F79DAED872B3C /* AmbientSyncFixtureRecorderView.swift in Sources */,
				5DD258EC07B4CCFF39A77D95 /* LiveRecognitionSyncWindow.swift in Sources */,
				BD468746F52CA58E04FF9274 /* LocalLibraryDashboardView.swift in Sources */,
				25F021ED2DE8AB9DAEE5A46E /* LocalResolveDebugView.swift in Sources */,
				FC9C0773A8A231E694B89EB7 /* Mania4KPlayExperienceView.swift in Sources */,
				DFDBFA0A9F8E07469B62D950 /* PulsefieldWorkbenchView.swift in Sources */,
				30C064BBD9B8963AABD53194 /* RecognitionDashboardView.swift in Sources */,
			);
			runOnlyForDeploymentPostprocessing = 0;
		};
		F703F48D5C7DE889E107CA84 /* Sources */ = {
			isa = PBXSourcesBuildPhase;
			buildActionMask = 2147483647;
			files = (
				A4C0C039BABC46277245ABBF /* PulsefieldiOSApp.swift in Sources */,
			);
			runOnlyForDeploymentPostprocessing = 0;
		};
		FAC9BF46436F9973979F911C /* Sources */ = {
			isa = PBXSourcesBuildPhase;
			buildActionMask = 2147483647;
			files = (
				F8D61884214728535A45ECF5 /* AmbientMicFeatureStreamService.swift in Sources */,
				07A450E8EE9DEE0B31550226 /* AmbientSyncDomain.swift in Sources */,
				93DBC35911FB30D2FD45D2A3 /* AmbientSyncEngine.swift in Sources */,
				A41F9D98E726F466BAE56A03 /* AmbientSyncEngineConfidence.swift in Sources */,
				ED55AA5CA54DA406092935A9 /* AmbientSyncEngineConfiguration.swift in Sources */,
				05D731648C444F05C9C38616 /* AmbientSyncEngineDiagnostics.swift in Sources */,
				ECF3037BA07A3E150C8E6870 /* AmbientSyncEngineGates.swift in Sources */,
				64D4C026BA6CA9BC4223E654 /* AmbientSyncEngineLandmarks.swift in Sources */,
				1215EE4BC8872342795210D3 /* AmbientSyncEngineReadiness.swift in Sources */,
				29275798E41D9067F443F71B /* AmbientSyncEngineReference.swift in Sources */,
				F2F48A924A1EAB0FAD61F5F7 /* AmbientSyncEngineTracking.swift in Sources */,
				325788A361B9162DEDC0F928 /* AmbientSyncFixtureRecorder.swift in Sources */,
				A1F9D5AADD6F155A28523195 /* AmbientSyncFixtureReplayRunner.swift in Sources */,
				1792D02A16B92E49951811C8 /* AmbientSyncOffsetHistogram.swift in Sources */,
				D294F231300A83B5A026CE26 /* AmbientSyncOffsetTracker.swift in Sources */,
				AADF3FC7C3908A46B10E1605 /* AmbientSyncReferenceIndexBinaryCacheCodec.swift in Sources */,
				4F7E59C7A3F4EAA4DFCA7F58 /* AmbientSyncReferenceIndexBuilder.swift in Sources */,
				6FD2A9A3A03105AE1C5CD6B9 /* AudioClipCaptureService.swift in Sources */,
				E2A8570789AC186771AAE508 /* BeatmapDomain.swift in Sources */,
				49BD393871163EE821A80748 /* BeatmapGenerationService.swift in Sources */,
				000CDEB89D978210FC127069 /* CanonicalTrackDomain.swift in Sources */,
				92E245E5EFD540B91AC38971 /* CascadingRecognitionService.swift in Sources */,
				A605FACD749F17FE6650A34B /* DebugACRCloudRecognitionProvider.swift in Sources */,
				0345859B9F00E739D5B01D5B /* InferenceEndpointWebSocketClient.swift in Sources */,
				458CB10F9A8F527DE5A4C8F5 /* LocalAudioDomain.swift in Sources */,
				06DDCFD6D8C1A39B8B77B06E /* LocalAudioLibraryDatabase.swift in Sources */,
				0DEE6E284563F3714E560EC2 /* LocalAudioLibraryIndexer.swift in Sources */,
				6F7132E6F6A45979C43029C4 /* LocalAudioMetadataExtractor.swift in Sources */,
				2FDA8645F7D0651B0F796C44 /* LocalMusicDirectoryStore.swift in Sources */,
				3DFE6B740D0A897B64D2A42C /* LocalTrackResolver.swift in Sources */,
				BB04DF61AB24DA410A01CDE5 /* Mania4KDomain.swift in Sources */,
				3833A5B2D65F0A318E2343AE /* Mania4KGameplayFeedback.swift in Sources */,
				266E6E61B60E7AE54E6D6CEB /* Mania4KOffsetCalibrationModel.swift in Sources */,
				1787F44AD3393A1EA967905E /* Mania4KPlaySessionModel.swift in Sources */,
				35E05459BA1758B1B7E8477A /* MicFeaturePayloadExtractor.swift in Sources */,
				8C51F3CF07D7D1D3CF174AC7 /* MicFeatureStreamBuffer.swift in Sources */,
				FCC100D6A0B140451439956B /* MicrophonePermissionService.swift in Sources */,
				9D8A7FC07558045972D8C6C1 /* MockRecognitionService.swift in Sources */,
				DB02F5130C3C9A526C48CED9 /* PreviewFixtures.swift in Sources */,
				D3A932DF8385FDF6983710EB /* RecognitionAppModel.swift in Sources */,
				0FF3A89698A64FC665C1EA12 /* RecognitionArchitecture.swift in Sources */,
				79A78B41EC226018D2E55F11 /* RecognitionDomain.swift in Sources */,
				7752F7EAFF1D57B9A8657190 /* RecognitionServiceProtocol.swift in Sources */,
				3F1D36EFC2BF0CF0F7EB130B /* SystemAudioCaptureSource.swift in Sources */,
				3FF7EAFB864A0A01EEB36C3D /* SystemAudioClipCaptureService.swift in Sources */,
				C671200022C61AA08BDBE9F3 /* SystemAudioFeatureStreamService.swift in Sources */,
				4B59F19EC0E3380CE1A99D4E /* UnavailableLiveRecognitionService.swift in Sources */,
				2B05FC1CF3FF0DC5F76D63D0 /* UnavailableRecognitionProviderClient.swift in Sources */,
			);
			runOnlyForDeploymentPostprocessing = 0;
		};
/* End PBXSourcesBuildPhase section */

/* Begin PBXTargetDependency section */
		0C21A6DF44FD9E30121A554A /* PBXTargetDependency */ = {
			isa = PBXTargetDependency;
			target = ED46F20630734EA83BA6607D /* PulsefieldCore */;
			targetProxy = 4A03822B90A54EA2184732F4 /* PBXContainerItemProxy */;
		};
		0DD179B7C435C710894D409D /* PBXTargetDependency */ = {
			isa = PBXTargetDependency;
			target = 400FC4CCC71B995495E6FB73 /* PulsefieldUI */;
			targetProxy = 15C67BFF039DDADEE5292E4D /* PBXContainerItemProxy */;
		};
		1B41F87DFD7A338E6F7A8BE5 /* PBXTargetDependency */ = {
			isa = PBXTargetDependency;
			target = 400FC4CCC71B995495E6FB73 /* PulsefieldUI */;
			targetProxy = 157FBE54CD8A7AE99BF7070E /* PBXContainerItemProxy */;
		};
		2A233E731432D96EA7DAAD61 /* PBXTargetDependency */ = {
			isa = PBXTargetDependency;
			target = ED46F20630734EA83BA6607D /* PulsefieldCore */;
			targetProxy = 58F4227889385C1FDD9FB658 /* PBXContainerItemProxy */;
		};
		408D17582B9149ABA62D6FE2 /* PBXTargetDependency */ = {
			isa = PBXTargetDependency;
			target = ED46F20630734EA83BA6607D /* PulsefieldCore */;
			targetProxy = A1A4977885FF8B284B98102F /* PBXContainerItemProxy */;
		};
		4E210BF95BD44D5633084C54 /* PBXTargetDependency */ = {
			isa = PBXTargetDependency;
			target = ED46F20630734EA83BA6607D /* PulsefieldCore */;
			targetProxy = E6FDF5B13B0789665F57AB94 /* PBXContainerItemProxy */;
		};
		6467414F68EE2E79D03FCBE1 /* PBXTargetDependency */ = {
			isa = PBXTargetDependency;
			target = 400FC4CCC71B995495E6FB73 /* PulsefieldUI */;
			targetProxy = AC8AFEBB7BC3C8C54125ED77 /* PBXContainerItemProxy */;
		};
		FD2025CAC60D7A2989A346B0 /* PBXTargetDependency */ = {
			isa = PBXTargetDependency;
			target = ED46F20630734EA83BA6607D /* PulsefieldCore */;
			targetProxy = FEC0FDA9899E5555E752C80B /* PBXContainerItemProxy */;
		};
/* End PBXTargetDependency section */

/* Begin XCBuildConfiguration section */
		0557F9D202719D2E24DFC4CD /* Release */ = {
			isa = XCBuildConfiguration;
			buildSettings = {
				ASSETCATALOG_COMPILER_APPICON_NAME = "";
				CODE_SIGN_IDENTITY = "iPhone Developer";
				INFOPLIST_KEY_CFBundleDisplayName = Pulsefield;
				INFOPLIST_KEY_NSMicrophoneUsageDescription = "Pulsefield uses the microphone to prototype nearby music recognition flows.";
				LD_RUNPATH_SEARCH_PATHS = (
					"$(inherited)",
					"@executable_path/Frameworks",
				);
				PRODUCT_BUNDLE_IDENTIFIER = io.pulsefield.ios;
				SDKROOT = auto;
				SUPPORTED_PLATFORMS = "iphoneos iphonesimulator";
				SUPPORTS_MACCATALYST = NO;
				SUPPORTS_MAC_DESIGNED_FOR_IPHONE_IPAD = YES;
				SUPPORTS_XR_DESIGNED_FOR_IPHONE_IPAD = YES;
				TARGETED_DEVICE_FAMILY = "1,2";
			};
			name = Release;
		};
		09259B5E7C65218A050EAC16 /* Release */ = {
			isa = XCBuildConfiguration;
			buildSettings = {
				ALWAYS_SEARCH_USER_PATHS = NO;
				CLANG_ANALYZER_NONNULL = YES;
				CLANG_ANALYZER_NUMBER_OBJECT_CONVERSION = YES_AGGRESSIVE;
				CLANG_CXX_LANGUAGE_STANDARD = "gnu++14";
				CLANG_CXX_LIBRARY = "libc++";
				CLANG_ENABLE_MODULES = YES;
				CLANG_ENABLE_OBJC_ARC = YES;
				CLANG_ENABLE_OBJC_WEAK = YES;
				CLANG_WARN_BLOCK_CAPTURE_AUTORELEASING = YES;
				CLANG_WARN_BOOL_CONVERSION = YES;
				CLANG_WARN_COMMA = YES;
				CLANG_WARN_CONSTANT_CONVERSION = YES;
				CLANG_WARN_DEPRECATED_OBJC_IMPLEMENTATIONS = YES;
				CLANG_WARN_DIRECT_OBJC_ISA_USAGE = YES_ERROR;
				CLANG_WARN_DOCUMENTATION_COMMENTS = YES;
				CLANG_WARN_EMPTY_BODY = YES;
				CLANG_WARN_ENUM_CONVERSION = YES;
				CLANG_WARN_INFINITE_RECURSION = YES;
				CLANG_WARN_INT_CONVERSION = YES;
				CLANG_WARN_NON_LITERAL_NULL_CONVERSION = YES;
				CLANG_WARN_OBJC_IMPLICIT_RETAIN_SELF = YES;
				CLANG_WARN_OBJC_LITERAL_CONVERSION = YES;
				CLANG_WARN_OBJC_ROOT_CLASS = YES_ERROR;
				CLANG_WARN_QUOTED_INCLUDE_IN_FRAMEWORK_HEADER = YES;
				CLANG_WARN_RANGE_LOOP_ANALYSIS = YES;
				CLANG_WARN_STRICT_PROTOTYPES = YES;
				CLANG_WARN_SUSPICIOUS_MOVE = YES;
				CLANG_WARN_UNGUARDED_AVAILABILITY = YES_AGGRESSIVE;
				CLANG_WARN_UNREACHABLE_CODE = YES;
				CLANG_WARN__DUPLICATE_METHOD_MATCH = YES;
				CODE_SIGN_STYLE = Automatic;
				COPY_PHASE_STRIP = NO;
				DEBUG_INFORMATION_FORMAT = "dwarf-with-dsym";
				ENABLE_NS_ASSERTIONS = NO;
				ENABLE_STRICT_OBJC_MSGSEND = YES;
				GCC_C_LANGUAGE_STANDARD = gnu11;
				GCC_NO_COMMON_BLOCKS = YES;
				GCC_WARN_64_TO_32_BIT_CONVERSION = YES;
				GCC_WARN_ABOUT_RETURN_TYPE = YES_ERROR;
				GCC_WARN_UNDECLARED_SELECTOR = YES;
				GCC_WARN_UNINITIALIZED_AUTOS = YES_AGGRESSIVE;
				GCC_WARN_UNUSED_FUNCTION = YES;
				GCC_WARN_UNUSED_VARIABLE = YES;
				GENERATE_INFOPLIST_FILE = YES;
				IPHONEOS_DEPLOYMENT_TARGET = 17.0;
				MACOSX_DEPLOYMENT_TARGET = 14.0;
				MTL_ENABLE_DEBUG_INFO = NO;
				MTL_FAST_MATH = YES;
				PRODUCT_NAME = "$(TARGET_NAME)";
				SDKROOT = auto;
				SWIFT_COMPILATION_MODE = wholemodule;
				SWIFT_OPTIMIZATION_LEVEL = "-O";
				SWIFT_VERSION = 6.0;
			};
			name = Release;
		};
		38C2C0DA844AE6BEEA49EDF6 /* Debug */ = {
			isa = XCBuildConfiguration;
			buildSettings = {
				BUNDLE_LOADER = "$(TEST_HOST)";
				COMBINE_HIDPI_IMAGES = YES;
				LD_RUNPATH_SEARCH_PATHS = (
					"$(inherited)",
					"@executable_path/../Frameworks",
					"@loader_path/../Frameworks",
				);
				PRODUCT_BUNDLE_IDENTIFIER = io.pulsefield.core.tests;
				SDKROOT = auto;
				SUPPORTED_PLATFORMS = macosx;
				SUPPORTS_MACCATALYST = NO;
				SUPPORTS_MAC_DESIGNED_FOR_IPHONE_IPAD = NO;
				TARGETED_DEVICE_FAMILY = "";
			};
			name = Debug;
		};
		4ADF2DDCAE510114277A5DA2 /* Debug */ = {
			isa = XCBuildConfiguration;
			buildSettings = {
				CODE_SIGN_IDENTITY = "";
				CURRENT_PROJECT_VERSION = 1;
				DEFINES_MODULE = YES;
				DYLIB_COMPATIBILITY_VERSION = 1;
				DYLIB_CURRENT_VERSION = 1;
				DYLIB_INSTALL_NAME_BASE = "@rpath";
				INSTALL_PATH = "$(LOCAL_LIBRARY_DIR)/Frameworks";
				LD_RUNPATH_SEARCH_PATHS = (
					"$(inherited)",
					"@executable_path/Frameworks",
				);
				PRODUCT_BUNDLE_IDENTIFIER = io.pulsefield.core;
				SDKROOT = auto;
				SKIP_INSTALL = YES;
				SUPPORTED_PLATFORMS = "iphoneos iphonesimulator macosx";
				SUPPORTS_MACCATALYST = NO;
				SUPPORTS_MAC_DESIGNED_FOR_IPHONE_IPAD = NO;
				SUPPORTS_XR_DESIGNED_FOR_IPHONE_IPAD = YES;
				TARGETED_DEVICE_FAMILY = "1,2";
				VERSIONING_SYSTEM = "apple-generic";
			};
			name = Debug;
		};
		5D5A85C1E506912410A5B7D8 /* Debug */ = {
			isa = XCBuildConfiguration;
			buildSettings = {
				COMBINE_HIDPI_IMAGES = YES;
				LD_RUNPATH_SEARCH_PATHS = "$(inherited) @executable_path";
				PRODUCT_BUNDLE_IDENTIFIER = "io.pulsefield.acrcloud-debug-cli";
				SDKROOT = auto;
				SUPPORTED_PLATFORMS = macosx;
				SUPPORTS_MACCATALYST = NO;
				SUPPORTS_MAC_DESIGNED_FOR_IPHONE_IPAD = NO;
				SWIFT_ACTIVE_COMPILATION_CONDITIONS = DEBUG;
				TARGETED_DEVICE_FAMILY = "";
			};
			name = Debug;
		};
		6161B386FBCF4281817E5498 /* Release */ = {
			isa = XCBuildConfiguration;
			buildSettings = {
				CODE_SIGN_IDENTITY = "";
				CURRENT_PROJECT_VERSION = 1;
				DEFINES_MODULE = YES;
				DYLIB_COMPATIBILITY_VERSION = 1;
				DYLIB_CURRENT_VERSION = 1;
				DYLIB_INSTALL_NAME_BASE = "@rpath";
				INSTALL_PATH = "$(LOCAL_LIBRARY_DIR)/Frameworks";
				LD_RUNPATH_SEARCH_PATHS = (
					"$(inherited)",
					"@executable_path/Frameworks",
				);
				PRODUCT_BUNDLE_IDENTIFIER = io.pulsefield.ui;
				SDKROOT = auto;
				SKIP_INSTALL = YES;
				SUPPORTED_PLATFORMS = "iphoneos iphonesimulator macosx";
				SUPPORTS_MACCATALYST = NO;
				SUPPORTS_MAC_DESIGNED_FOR_IPHONE_IPAD = NO;
				SUPPORTS_XR_DESIGNED_FOR_IPHONE_IPAD = YES;
				TARGETED_DEVICE_FAMILY = "1,2";
				VERSIONING_SYSTEM = "apple-generic";
			};
			name = Release;
		};
		6C5B55ACA6E2383E22A02507 /* Debug */ = {
			isa = XCBuildConfiguration;
			buildSettings = {
				ASSETCATALOG_COMPILER_APPICON_NAME = "";
				CODE_SIGNING_ALLOWED = NO;
				CODE_SIGNING_REQUIRED = NO;
				COMBINE_HIDPI_IMAGES = YES;
				INFOPLIST_FILE = Apps/PulsefieldMac/Info.plist;
				LD_RUNPATH_SEARCH_PATHS = (
					"$(inherited)",
					"@executable_path/../Frameworks",
				);
				PRODUCT_BUNDLE_IDENTIFIER = io.pulsefield.mac;
				SDKROOT = auto;
				SUPPORTED_PLATFORMS = macosx;
				SUPPORTS_MACCATALYST = NO;
				SUPPORTS_MAC_DESIGNED_FOR_IPHONE_IPAD = NO;
				TARGETED_DEVICE_FAMILY = "";
			};
			name = Debug;
		};
		7B13563CC9835BC284A1E3E4 /* Debug */ = {
			isa = XCBuildConfiguration;
			buildSettings = {
				ASSETCATALOG_COMPILER_APPICON_NAME = "";
				CODE_SIGNING_ALLOWED = NO;
				CODE_SIGNING_REQUIRED = NO;
				CODE_SIGN_IDENTITY = "iPhone Developer";
				INFOPLIST_KEY_CFBundleDisplayName = Pulsefield;
				INFOPLIST_KEY_NSMicrophoneUsageDescription = "Pulsefield uses the microphone to prototype nearby music recognition flows.";
				LD_RUNPATH_SEARCH_PATHS = (
					"$(inherited)",
					"@executable_path/Frameworks",
				);
				PRODUCT_BUNDLE_IDENTIFIER = io.pulsefield.ios;
				SDKROOT = auto;
				SUPPORTED_PLATFORMS = "iphoneos iphonesimulator";
				SUPPORTS_MACCATALYST = NO;
				SUPPORTS_MAC_DESIGNED_FOR_IPHONE_IPAD = YES;
				SUPPORTS_XR_DESIGNED_FOR_IPHONE_IPAD = YES;
				TARGETED_DEVICE_FAMILY = "1,2";
			};
			name = Debug;
		};
		8343444A4973C27D3F87E94B /* Debug */ = {
			isa = XCBuildConfiguration;
			buildSettings = {
				ALWAYS_SEARCH_USER_PATHS = NO;
				CLANG_ANALYZER_NONNULL = YES;
				CLANG_ANALYZER_NUMBER_OBJECT_CONVERSION = YES_AGGRESSIVE;
				CLANG_CXX_LANGUAGE_STANDARD = "gnu++14";
				CLANG_CXX_LIBRARY = "libc++";
				CLANG_ENABLE_MODULES = YES;
				CLANG_ENABLE_OBJC_ARC = YES;
				CLANG_ENABLE_OBJC_WEAK = YES;
				CLANG_WARN_BLOCK_CAPTURE_AUTORELEASING = YES;
				CLANG_WARN_BOOL_CONVERSION = YES;
				CLANG_WARN_COMMA = YES;
				CLANG_WARN_CONSTANT_CONVERSION = YES;
				CLANG_WARN_DEPRECATED_OBJC_IMPLEMENTATIONS = YES;
				CLANG_WARN_DIRECT_OBJC_ISA_USAGE = YES_ERROR;
				CLANG_WARN_DOCUMENTATION_COMMENTS = YES;
				CLANG_WARN_EMPTY_BODY = YES;
				CLANG_WARN_ENUM_CONVERSION = YES;
				CLANG_WARN_INFINITE_RECURSION = YES;
				CLANG_WARN_INT_CONVERSION = YES;
				CLANG_WARN_NON_LITERAL_NULL_CONVERSION = YES;
				CLANG_WARN_OBJC_IMPLICIT_RETAIN_SELF = YES;
				CLANG_WARN_OBJC_LITERAL_CONVERSION = YES;
				CLANG_WARN_OBJC_ROOT_CLASS = YES_ERROR;
				CLANG_WARN_QUOTED_INCLUDE_IN_FRAMEWORK_HEADER = YES;
				CLANG_WARN_RANGE_LOOP_ANALYSIS = YES;
				CLANG_WARN_STRICT_PROTOTYPES = YES;
				CLANG_WARN_SUSPICIOUS_MOVE = YES;
				CLANG_WARN_UNGUARDED_AVAILABILITY = YES_AGGRESSIVE;
				CLANG_WARN_UNREACHABLE_CODE = YES;
				CLANG_WARN__DUPLICATE_METHOD_MATCH = YES;
				CODE_SIGN_STYLE = Automatic;
				COPY_PHASE_STRIP = NO;
				DEBUG_INFORMATION_FORMAT = dwarf;
				ENABLE_STRICT_OBJC_MSGSEND = YES;
				ENABLE_TESTABILITY = YES;
				GCC_C_LANGUAGE_STANDARD = gnu11;
				GCC_DYNAMIC_NO_PIC = NO;
				GCC_NO_COMMON_BLOCKS = YES;
				GCC_OPTIMIZATION_LEVEL = 0;
				GCC_PREPROCESSOR_DEFINITIONS = (
					"$(inherited)",
					"DEBUG=1",
				);
				GCC_WARN_64_TO_32_BIT_CONVERSION = YES;
				GCC_WARN_ABOUT_RETURN_TYPE = YES_ERROR;
				GCC_WARN_UNDECLARED_SELECTOR = YES;
				GCC_WARN_UNINITIALIZED_AUTOS = YES_AGGRESSIVE;
				GCC_WARN_UNUSED_FUNCTION = YES;
				GCC_WARN_UNUSED_VARIABLE = YES;
				GENERATE_INFOPLIST_FILE = YES;
				IPHONEOS_DEPLOYMENT_TARGET = 17.0;
				MACOSX_DEPLOYMENT_TARGET = 14.0;
				MTL_ENABLE_DEBUG_INFO = INCLUDE_SOURCE;
				MTL_FAST_MATH = YES;
				ONLY_ACTIVE_ARCH = YES;
				PRODUCT_NAME = "$(TARGET_NAME)";
				SDKROOT = auto;
				SWIFT_ACTIVE_COMPILATION_CONDITIONS = DEBUG;
				SWIFT_OPTIMIZATION_LEVEL = "-Onone";
				SWIFT_VERSION = 6.0;
			};
			name = Debug;
		};
		8B5BEABCD998EEB1908B3C62 /* Release */ = {
			isa = XCBuildConfiguration;
			buildSettings = {
				COMBINE_HIDPI_IMAGES = YES;
				LD_RUNPATH_SEARCH_PATHS = "$(inherited) @executable_path";
				PRODUCT_BUNDLE_IDENTIFIER = "io.pulsefield.acrcloud-debug-cli";
				SDKROOT = auto;
				SUPPORTED_PLATFORMS = macosx;
				SUPPORTS_MACCATALYST = NO;
				SUPPORTS_MAC_DESIGNED_FOR_IPHONE_IPAD = NO;
				TARGETED_DEVICE_FAMILY = "";
			};
			name = Release;
		};
		90A4BD3106EDC2D1EEB11917 /* Release */ = {
			isa = XCBuildConfiguration;
			buildSettings = {
				BUNDLE_LOADER = "$(TEST_HOST)";
				COMBINE_HIDPI_IMAGES = YES;
				LD_RUNPATH_SEARCH_PATHS = (
					"$(inherited)",
					"@executable_path/../Frameworks",
					"@loader_path/../Frameworks",
				);
				PRODUCT_BUNDLE_IDENTIFIER = io.pulsefield.core.tests;
				SDKROOT = auto;
				SUPPORTED_PLATFORMS = macosx;
				SUPPORTS_MACCATALYST = NO;
				SUPPORTS_MAC_DESIGNED_FOR_IPHONE_IPAD = NO;
				TARGETED_DEVICE_FAMILY = "";
			};
			name = Release;
		};
		A14BFBB8D3C4D7B2FEAF6E5C /* Release */ = {
			isa = XCBuildConfiguration;
			buildSettings = {
				ASSETCATALOG_COMPILER_APPICON_NAME = "";
				COMBINE_HIDPI_IMAGES = YES;
				INFOPLIST_FILE = Apps/PulsefieldMac/Info.plist;
				LD_RUNPATH_SEARCH_PATHS = (
					"$(inherited)",
					"@executable_path/../Frameworks",
				);
				PRODUCT_BUNDLE_IDENTIFIER = io.pulsefield.mac;
				SDKROOT = auto;
				SUPPORTED_PLATFORMS = macosx;
				SUPPORTS_MACCATALYST = NO;
				SUPPORTS_MAC_DESIGNED_FOR_IPHONE_IPAD = NO;
				TARGETED_DEVICE_FAMILY = "";
			};
			name = Release;
		};
		C89C1DF8B16C890E30D4F3E9 /* Release */ = {
			isa = XCBuildConfiguration;
			buildSettings = {
				CODE_SIGN_IDENTITY = "";
				CURRENT_PROJECT_VERSION = 1;
				DEFINES_MODULE = YES;
				DYLIB_COMPATIBILITY_VERSION = 1;
				DYLIB_CURRENT_VERSION = 1;
				DYLIB_INSTALL_NAME_BASE = "@rpath";
				INSTALL_PATH = "$(LOCAL_LIBRARY_DIR)/Frameworks";
				LD_RUNPATH_SEARCH_PATHS = (
					"$(inherited)",
					"@executable_path/Frameworks",
				);
				PRODUCT_BUNDLE_IDENTIFIER = io.pulsefield.core;
				SDKROOT = auto;
				SKIP_INSTALL = YES;
				SUPPORTED_PLATFORMS = "iphoneos iphonesimulator macosx";
				SUPPORTS_MACCATALYST = NO;
				SUPPORTS_MAC_DESIGNED_FOR_IPHONE_IPAD = NO;
				SUPPORTS_XR_DESIGNED_FOR_IPHONE_IPAD = YES;
				TARGETED_DEVICE_FAMILY = "1,2";
				VERSIONING_SYSTEM = "apple-generic";
			};
			name = Release;
		};
		D3BC46B9044B181416B09075 /* Debug */ = {
			isa = XCBuildConfiguration;
			buildSettings = {
				CODE_SIGN_IDENTITY = "";
				CURRENT_PROJECT_VERSION = 1;
				DEFINES_MODULE = YES;
				DYLIB_COMPATIBILITY_VERSION = 1;
				DYLIB_CURRENT_VERSION = 1;
				DYLIB_INSTALL_NAME_BASE = "@rpath";
				INSTALL_PATH = "$(LOCAL_LIBRARY_DIR)/Frameworks";
				LD_RUNPATH_SEARCH_PATHS = (
					"$(inherited)",
					"@executable_path/Frameworks",
				);
				PRODUCT_BUNDLE_IDENTIFIER = io.pulsefield.ui;
				SDKROOT = auto;
				SKIP_INSTALL = YES;
				SUPPORTED_PLATFORMS = "iphoneos iphonesimulator macosx";
				SUPPORTS_MACCATALYST = NO;
				SUPPORTS_MAC_DESIGNED_FOR_IPHONE_IPAD = NO;
				SUPPORTS_XR_DESIGNED_FOR_IPHONE_IPAD = YES;
				TARGETED_DEVICE_FAMILY = "1,2";
				VERSIONING_SYSTEM = "apple-generic";
			};
			name = Debug;
		};
/* End XCBuildConfiguration section */

/* Begin XCConfigurationList section */
		7E045B63F757C81065EF2227 /* Build configuration list for PBXNativeTarget "PulsefieldUI" */ = {
			isa = XCConfigurationList;
			buildConfigurations = (
				D3BC46B9044B181416B09075 /* Debug */,
				6161B386FBCF4281817E5498 /* Release */,
			);
			defaultConfigurationIsVisible = 0;
			defaultConfigurationName = Debug;
		};
		8628596D952745E7858C995A /* Build configuration list for PBXNativeTarget "PulsefieldCore" */ = {
			isa = XCConfigurationList;
			buildConfigurations = (
				4ADF2DDCAE510114277A5DA2 /* Debug */,
				C89C1DF8B16C890E30D4F3E9 /* Release */,
			);
			defaultConfigurationIsVisible = 0;
			defaultConfigurationName = Debug;
		};
		AADB55DA3DA92927BF86ED07 /* Build configuration list for PBXNativeTarget "PulsefieldACRCloudDebugCLI" */ = {
			isa = XCConfigurationList;
			buildConfigurations = (
				5D5A85C1E506912410A5B7D8 /* Debug */,
				8B5BEABCD998EEB1908B3C62 /* Release */,
			);
			defaultConfigurationIsVisible = 0;
			defaultConfigurationName = Debug;
		};
		AEBCBEC66CC092B7E1BD0793 /* Build configuration list for PBXNativeTarget "PulsefieldiOS" */ = {
			isa = XCConfigurationList;
			buildConfigurations = (
				7B13563CC9835BC284A1E3E4 /* Debug */,
				0557F9D202719D2E24DFC4CD /* Release */,
			);
			defaultConfigurationIsVisible = 0;
			defaultConfigurationName = Debug;
		};
		B8AF1018367428F77BDEB263 /* Build configuration list for PBXNativeTarget "PulsefieldMac" */ = {
			isa = XCConfigurationList;
			buildConfigurations = (
				6C5B55ACA6E2383E22A02507 /* Debug */,
				A14BFBB8D3C4D7B2FEAF6E5C /* Release */,
			);
			defaultConfigurationIsVisible = 0;
			defaultConfigurationName = Debug;
		};
		BACD41B0B560D9A848CF294E /* Build configuration list for PBXProject "Pulsefield" */ = {
			isa = XCConfigurationList;
			buildConfigurations = (
				8343444A4973C27D3F87E94B /* Debug */,
				09259B5E7C65218A050EAC16 /* Release */,
			);
			defaultConfigurationIsVisible = 0;
			defaultConfigurationName = Debug;
		};
		FBE8E274776345283A4DA9DB /* Build configuration list for PBXNativeTarget "PulsefieldCoreTests" */ = {
			isa = XCConfigurationList;
			buildConfigurations = (
				38C2C0DA844AE6BEEA49EDF6 /* Debug */,
				90A4BD3106EDC2D1EEB11917 /* Release */,
			);
			defaultConfigurationIsVisible = 0;
			defaultConfigurationName = Debug;
		};
/* End XCConfigurationList section */

/* Begin XCLocalSwiftPackageReference section */
		DB521252FA3D58D77014C44A /* XCLocalSwiftPackageReference "../pulsefield-protocol" */ = {
			isa = XCLocalSwiftPackageReference;
			relativePath = "../pulsefield-protocol";
		};
/* End XCLocalSwiftPackageReference section */

/* Begin XCRemoteSwiftPackageReference section */
		9A2BD4E80D33B3C2DD4C037C /* XCRemoteSwiftPackageReference "swift-protobuf" */ = {
			isa = XCRemoteSwiftPackageReference;
			repositoryURL = "https://github.com/apple/swift-protobuf.git";
			requirement = {
				kind = upToNextMajorVersion;
				minimumVersion = 1.38.0;
			};
		};
/* End XCRemoteSwiftPackageReference section */

/* Begin XCSwiftPackageProductDependency section */
		36F46DF43D1CAE1A42C04195 /* SwiftProtobuf */ = {
			isa = XCSwiftPackageProductDependency;
			package = 9A2BD4E80D33B3C2DD4C037C /* XCRemoteSwiftPackageReference "swift-protobuf" */;
			productName = SwiftProtobuf;
		};
		860E3AAC20F0688599E7F678 /* PulsefieldProtocol */ = {
			isa = XCSwiftPackageProductDependency;
			productName = PulsefieldProtocol;
		};
		9D5477406907760227461C35 /* PulsefieldProtocol */ = {
			isa = XCSwiftPackageProductDependency;
			productName = PulsefieldProtocol;
		};
/* End XCSwiftPackageProductDependency section */
	};
	rootObject = F9B722C391474AD55EB39B2E /* Project object */;
}
